// !$*UTF8*$!
{
	archiveVersion = 1;
	classes = {
	};
	objectVersion = 56;
	objects = {

/* Begin PBXBuildFile section */
		000000000000000000001017 /* AppState.swift in Sources */ = {isa = PBXBuildFile; fileRef = 000000000000000000001016 /* AppState.swift */; };
		000000000000000000001019 /* ContentView.swift in Sources */ = {isa = PBXBuildFile; fileRef = 000000000000000000001018 /* ContentView.swift */; };
		000000000000000000001021 /* HaloApp.swift in Sources */ = {isa = PBXBuildFile; fileRef = 000000000000000000001020 /* HaloApp.swift */; };
		000000000000000000001023 /* Models.swift in Sources */ = {isa = PBXBuildFile; fileRef = 000000000000000000001022 /* Models.swift */; };
		000000000000000000001025 /* FileSystemScanner.swift in Sources */ = {isa = PBXBuildFile; fileRef = 000000000000000000001024 /* FileSystemScanner.swift */; };
		000000000000000000001027 /* ScanCoordinator.swift in Sources */ = {isa = PBXBuildFile; fileRef = 000000000000000000001026 /* ScanCoordinator.swift */; };
		000000000000000000001029 /* SystemMonitor.swift in Sources */ = {isa = PBXBuildFile; fileRef = 000000000000000000001028 /* SystemMonitor.swift */; };
		000000000000000000001031 /* DesignSystem.swift in Sources */ = {isa = PBXBuildFile; fileRef = 000000000000000000001030 /* DesignSystem.swift */; };
		000000000000000000001033 /* ApplicationsView.swift in Sources */ = {isa = PBXBuildFile; fileRef = 000000000000000000001032 /* ApplicationsView.swift */; };
		000000000000000000001035 /* CleanupView.swift in Sources */ = {isa = PBXBuildFile; fileRef = 000000000000000000001034 /* CleanupView.swift */; };
		000000000000000000001037 /* ClipboardView.swift in Sources */ = {isa = PBXBuildFile; fileRef = 000000000000000000001036 /* ClipboardView.swift */; };
		000000000000000000001039 /* DashboardView.swift in Sources */ = {isa = PBXBuildFile; fileRef = 000000000000000000001038 /* DashboardView.swift */; };
		000000000000000000001041 /* FilesView.swift in Sources */ = {isa = PBXBuildFile; fileRef = 000000000000000000001040 /* FilesView.swift */; };
		000000000000000000001043 /* MenuBarView.swift in Sources */ = {isa = PBXBuildFile; fileRef = 000000000000000000001042 /* MenuBarView.swift */; };
		000000000000000000001045 /* OnboardingView.swift in Sources */ = {isa = PBXBuildFile; fileRef = 000000000000000000001044 /* OnboardingView.swift */; };
		000000000000000000001047 /* PerformanceView.swift in Sources */ = {isa = PBXBuildFile; fileRef = 000000000000000000001046 /* PerformanceView.swift */; };
		000000000000000000001049 /* ProtectionView.swift in Sources */ = {isa = PBXBuildFile; fileRef = 000000000000000000001048 /* ProtectionView.swift */; };
		000000000000000000001051 /* DuplicateDetector.swift in Sources */ = {isa = PBXBuildFile; fileRef = 000000000000000000001050 /* DuplicateDetector.swift */; };
		000000000000000000001053 /* ClipboardMonitor.swift in Sources */ = {isa = PBXBuildFile; fileRef = 000000000000000000001052 /* ClipboardMonitor.swift */; };
		000000000000000000001055 /* SmartScanView.swift in Sources */ = {isa = PBXBuildFile; fileRef = 000000000000000000001054 /* SmartScanView.swift */; };
		000000000000000000001057 /* Assets.xcassets in Resources */ = {isa = PBXBuildFile; fileRef = 000000000000000000001056 /* Assets.xcassets */; };
		000000000000000000001059 /* PrivacyInfo.xcprivacy in Resources */ = {isa = PBXBuildFile; fileRef = 000000000000000000001058 /* PrivacyInfo.xcprivacy */; };
		000000000000000000001061 /* IOKit.framework in Frameworks */ = {isa = PBXBuildFile; fileRef = 000000000000000000001060 /* IOKit.framework */; };
		000000000000000000001063 /* SystemConfiguration.framework in Frameworks */ = {isa = PBXBuildFile; fileRef = 000000000000000000001062 /* SystemConfiguration.framework */; };
		000000000000000000001066 /* HotkeyManager.swift in Sources */ = {isa = PBXBuildFile; fileRef = 000000000000000000001065 /* HotkeyManager.swift */; };
		000000000000000000001068 /* ClipboardQuickPickerView.swift in Sources */ = {isa = PBXBuildFile; fileRef = 000000000000000000001067 /* ClipboardQuickPickerView.swift */; };
		000000000000000000001071 /* ProtectionScanner.swift in Sources */ = {isa = PBXBuildFile; fileRef = 000000000000000000001070 /* ProtectionScanner.swift */; };
		000000000000000000001073 /* AlertManager.swift in Sources */ = {isa = PBXBuildFile; fileRef = 000000000000000000001072 /* AlertManager.swift */; };
		000000000000000000001075 /* CPUDetailMonitor.swift in Sources */ = {isa = PBXBuildFile; fileRef = 000000000000000000001074 /* CPUDetailMonitor.swift */; };
		000000000000000000001077 /* SMCReader.swift in Sources */ = {isa = PBXBuildFile; fileRef = 000000000000000000001076 /* SMCReader.swift */; };
		000000000000000000001079 /* GPUMonitor.swift in Sources */ = {isa = PBXBuildFile; fileRef = 000000000000000000001078 /* GPUMonitor.swift */; };
		000000000000000000001081 /* NetworkDetailMonitor.swift in Sources */ = {isa = PBXBuildFile; fileRef = 000000000000000000001080 /* NetworkDetailMonitor.swift */; };
		000000000000000000001083 /* SpeedTestService.swift in Sources */ = {isa = PBXBuildFile; fileRef = 000000000000000000001082 /* SpeedTestService.swift */; };
		000000000000000000001085 /* DiskHealthMonitor.swift in Sources */ = {isa = PBXBuildFile; fileRef = 000000000000000000001084 /* DiskHealthMonitor.swift */; };
		000000000000000000001087 /* ProcessMonitor.swift in Sources */ = {isa = PBXBuildFile; fileRef = 000000000000000000001086 /* ProcessMonitor.swift */; };
		000000000000000000001089 /* CPUCoresSection.swift in Sources */ = {isa = PBXBuildFile; fileRef = 000000000000000000001088 /* CPUCoresSection.swift */; };
		000000000000000000001091 /* SensorsSection.swift in Sources */ = {isa = PBXBuildFile; fileRef = 000000000000000000001090 /* SensorsSection.swift */; };
		000000000000000000001093 /* BatteryDetailSection.swift in Sources */ = {isa = PBXBuildFile; fileRef = 000000000000000000001092 /* BatteryDetailSection.swift */; };
		000000000000000000001095 /* NetworkDetailSection.swift in Sources */ = {isa = PBXBuildFile; fileRef = 000000000000000000001094 /* NetworkDetailSection.swift */; };
		000000000000000000001097 /* TopProcessesSection.swift in Sources */ = {isa = PBXBuildFile; fileRef = 000000000000000000001096 /* TopProcessesSection.swift */; };
		000000000000000000001099 /* NetworkSparklineCard.swift in Sources */ = {isa = PBXBuildFile; fileRef = 000000000000000000001098 /* NetworkSparklineCard.swift */; };
		000000000000000000001101 /* DiskHealthSection.swift in Sources */ = {isa = PBXBuildFile; fileRef = 000000000000000000001100 /* DiskHealthSection.swift */; };
		000000000000000000001103 /* GPUDashboardCard.swift in Sources */ = {isa = PBXBuildFile; fileRef = 000000000000000000001102 /* GPUDashboardCard.swift */; };
		000000000000000000002004 /* HaloWidgetBundle.swift in Sources */ = {isa = PBXBuildFile; fileRef = 000000000000000000002002 /* HaloWidgetBundle.swift */; };
		000000000000000000002005 /* HaloWidget.swift in Sources */ = {isa = PBXBuildFile; fileRef = 000000000000000000002003 /* HaloWidget.swift */; };
		000000000000000000002016 /* HaloWidget.appex in Embed App Extensions */ = {isa = PBXBuildFile; fileRef = 000000000000000000002000 /* HaloWidget.appex */; settings = {ATTRIBUTES = (RemoveHeadersOnCopy, ); }; };
		000000000000000000002018 /* WidgetKit.framework in Frameworks */ = {isa = PBXBuildFile; fileRef = 000000000000000000002017 /* WidgetKit.framework */; };
		000000000000000000002019 /* HaloSharedData.swift in Sources */ = {isa = PBXBuildFile; fileRef = 000000000000000000002020 /* HaloSharedData.swift */; };
		000000000000000000002021 /* HaloSharedData.swift in Sources */ = {isa = PBXBuildFile; fileRef = 000000000000000000002020 /* HaloSharedData.swift */; };
		000000000000000000003005 /* HaloHelperProtocol.swift in Sources */ = {isa = PBXBuildFile; fileRef = 000000000000000000003004 /* HaloHelperProtocol.swift */; };
		000000000000000000003007 /* HelperClient.swift in Sources */ = {isa = PBXBuildFile; fileRef = 000000000000000000003006 /* HelperClient.swift */; };
		000000000000000000003009 /* HaloHelperProtocol.swift in Sources */ = {isa = PBXBuildFile; fileRef = 000000000000000000003004 /* HaloHelperProtocol.swift */; };
		000000000000000000003011 /* main.swift in Sources */ = {isa = PBXBuildFile; fileRef = 000000000000000000003010 /* main.swift */; };
		000000000000000000003013 /* HaloHelperDelegate.swift in Sources */ = {isa = PBXBuildFile; fileRef = 000000000000000000003012 /* HaloHelperDelegate.swift */; };
		000000000000000000003015 /* HaloHelperImpl.swift in Sources */ = {isa = PBXBuildFile; fileRef = 000000000000000000003014 /* HaloHelperImpl.swift */; };
		000000000000000000003017 /* HaloHelper.xpc in Embed XPC Services */ = {isa = PBXBuildFile; fileRef = 000000000000000000003000 /* HaloHelper.xpc */; settings = {ATTRIBUTES = (RemoveHeadersOnCopy, ); }; };
		000000000000000000004002 /* signatures.json in Resources */ = {isa = PBXBuildFile; fileRef = 000000000000000000004001 /* signatures.json */; };
		000000000000000000004004 /* SignatureDatabase.swift in Sources */ = {isa = PBXBuildFile; fileRef = 000000000000000000004003 /* SignatureDatabase.swift */; };
		000000000000000000004006 /* ScanScheduler.swift in Sources */ = {isa = PBXBuildFile; fileRef = 000000000000000000004005 /* ScanScheduler.swift */; };
		000000000000000000004008 /* LoginItemScanner.swift in Sources */ = {isa = PBXBuildFile; fileRef = 000000000000000000004007 /* LoginItemScanner.swift */; };
		000000000000000000004010 /* AppScanner.swift in Sources */ = {isa = PBXBuildFile; fileRef = 000000000000000000004009 /* AppScanner.swift */; };
		000000000000000000004012 /* AlertLog.swift in Sources */ = {isa = PBXBuildFile; fileRef = 000000000000000000004011 /* AlertLog.swift */; };
		000000000000000000004014 /* ReportGenerator.swift in Sources */ = {isa = PBXBuildFile; fileRef = 000000000000000000004013 /* ReportGenerator.swift */; };
		000000000000000000005001 /* Sentry in Frameworks */ = {isa = PBXBuildFile; productRef = 000000000000000000005002 /* Sentry */; };
		000000000000000000006002 /* ActionModels.swift in Sources */ = {isa = PBXBuildFile; fileRef = 000000000000000000006001 /* ActionModels.swift */; };
		000000000000000000006004 /* ActionLibrary.swift in Sources */ = {isa = PBXBuildFile; fileRef = 000000000000000000006003 /* ActionLibrary.swift */; };
		000000000000000000006006 /* ActionRunner.swift in Sources */ = {isa = PBXBuildFile; fileRef = 000000000000000000006005 /* ActionRunner.swift */; };
		000000000000000000006008 /* QuickActionPickerView.swift in Sources */ = {isa = PBXBuildFile; fileRef = 000000000000000000006007 /* QuickActionPickerView.swift */; };
		000000000000000000006010 /* ActionsView.swift in Sources */ = {isa = PBXBuildFile; fileRef = 000000000000000000006009 /* ActionsView.swift */; };
		000000000000000000006012 /* CustomActionEditor.swift in Sources */ = {isa = PBXBuildFile; fileRef = 000000000000000000006011 /* CustomActionEditor.swift */; };
		000000000000000000007001 /* BuildToken.swift in Sources */ = {isa = PBXBuildFile; fileRef = 000000000000000000007000 /* BuildToken.swift */; };
		000000000000000000007002 /* ActionSettingsStore.swift in Sources */ = {isa = PBXBuildFile; fileRef = 000000000000000000007003 /* ActionSettingsStore.swift */; };
		000000000000000000007004 /* VoiceSearchController.swift in Sources */ = {isa = PBXBuildFile; fileRef = 000000000000000000007005 /* VoiceSearchController.swift */; };
		000000000000000000007006 /* ActionSettingsTab.swift in Sources */ = {isa = PBXBuildFile; fileRef = 000000000000000000007007 /* ActionSettingsTab.swift */; };
		000000000000000000007008 /* SystemControlsManager.swift in Sources */ = {isa = PBXBuildFile; fileRef = 000000000000000000007009 /* SystemControlsManager.swift */; };
		000000000000000000007010 /* MicCameraControlsView.swift in Sources */ = {isa = PBXBuildFile; fileRef = 000000000000000000007011 /* MicCameraControlsView.swift */; };
		000000000000000000007101 /* LocalShareModels.swift in Sources */ = {isa = PBXBuildFile; fileRef = 000000000000000000007100 /* LocalShareModels.swift */; };
		000000000000000000007103 /* TLSManager.swift in Sources */ = {isa = PBXBuildFile; fileRef = 000000000000000000007102 /* TLSManager.swift */; };
		000000000000000000007105 /* MulticastDiscovery.swift in Sources */ = {isa = PBXBuildFile; fileRef = 000000000000000000007104 /* MulticastDiscovery.swift */; };
		000000000000000000007107 /* LocalShareServer.swift in Sources */ = {isa = PBXBuildFile; fileRef = 000000000000000000007106 /* LocalShareServer.swift */; };
		000000000000000000007109 /* LocalShareClient.swift in Sources */ = {isa = PBXBuildFile; fileRef = 000000000000000000007108 /* LocalShareClient.swift */; };
		000000000000000000007111 /* TransferPowerAssertion.swift in Sources */ = {isa = PBXBuildFile; fileRef = 000000000000000000007110 /* TransferPowerAssertion.swift */; };
		000000000000000000007113 /* LocalShareManager.swift in Sources */ = {isa = PBXBuildFile; fileRef = 000000000000000000007112 /* LocalShareManager.swift */; };
		000000000000000000007115 /* LocalShareView.swift in Sources */ = {isa = PBXBuildFile; fileRef = 000000000000000000007114 /* LocalShareView.swift */; };
		000000000000000000007117 /* ReceiveConsentView.swift in Sources */ = {isa = PBXBuildFile; fileRef = 000000000000000000007116 /* ReceiveConsentView.swift */; };
		000000000000000000008002 /* PortScanner.swift in Sources */ = {isa = PBXBuildFile; fileRef = 000000000000000000008001 /* PortScanner.swift */; };
		000000000000000000008004 /* PortManagerView.swift in Sources */ = {isa = PBXBuildFile; fileRef = 000000000000000000008003 /* PortManagerView.swift */; };
		000000000000000000008006 /* PortManagerViewModel.swift in Sources */ = {isa = PBXBuildFile; fileRef = 000000000000000000008005 /* PortManagerViewModel.swift */; };
		000000000000000000008008 /* DownloadsView.swift in Sources */ = {isa = PBXBuildFile; fileRef = 000000000000000000008007 /* DownloadsView.swift */; };
		000000000000000000008010 /* DownloadsViewModel.swift in Sources */ = {isa = PBXBuildFile; fileRef = 000000000000000000008009 /* DownloadsViewModel.swift */; };
		000000000000000000008012 /* CelebrationOverlay.swift in Sources */ = {isa = PBXBuildFile; fileRef = 000000000000000000008011 /* CelebrationOverlay.swift */; };
		000000000000000000008014 /* CodeBeautifierView.swift in Sources */ = {isa = PBXBuildFile; fileRef = 000000000000000000008013 /* CodeBeautifierView.swift */; };
		000000000000000000008016 /* CodeTheme.swift in Sources */ = {isa = PBXBuildFile; fileRef = 000000000000000000008015 /* CodeTheme.swift */; };
		000000000000000000008018 /* SyntaxHighlighter.swift in Sources */ = {isa = PBXBuildFile; fileRef = 000000000000000000008017 /* SyntaxHighlighter.swift */; };
		000000000000000000008020 /* IdleAppMonitor.swift in Sources */ = {isa = PBXBuildFile; fileRef = 000000000000000000008019 /* IdleAppMonitor.swift */; };
		000000000000000000008022 /* IdleAppsSection.swift in Sources */ = {isa = PBXBuildFile; fileRef = 000000000000000000008021 /* IdleAppsSection.swift */; };
		000000000000000000008024 /* SnippetManager.swift in Sources */ = {isa = PBXBuildFile; fileRef = 000000000000000000008023 /* SnippetManager.swift */; };
		000000000000000000008026 /* SnippetEditorView.swift in Sources */ = {isa = PBXBuildFile; fileRef = 000000000000000000008025 /* SnippetEditorView.swift */; };
		000000000000000000008028 /* SnippetListSection.swift in Sources */ = {isa = PBXBuildFile; fileRef = 000000000000000000008027 /* SnippetListSection.swift */; };
		000000000000000000008030 /* ActionShareManager.swift in Sources */ = {isa = PBXBuildFile; fileRef = 000000000000000000008029 /* ActionShareManager.swift */; };
		000000000000000000009002 /* GetHealthScoreIntent.swift in Sources */ = {isa = PBXBuildFile; fileRef = 000000000000000000009001 /* GetHealthScoreIntent.swift */; };
		000000000000000000009004 /* GetCPUUsageIntent.swift in Sources */ = {isa = PBXBuildFile; fileRef = 000000000000000000009003 /* GetCPUUsageIntent.swift */; };
		000000000000000000009006 /* GetBatteryHealthIntent.swift in Sources */ = {isa = PBXBuildFile; fileRef = 000000000000000000009005 /* GetBatteryHealthIntent.swift */; };
		000000000000000000009008 /* GetDiskSpaceIntent.swift in Sources */ = {isa = PBXBuildFile; fileRef = 000000000000000000009007 /* GetDiskSpaceIntent.swift */; };
		000000000000000000009010 /* RunSmartScanIntent.swift in Sources */ = {isa = PBXBuildFile; fileRef = 000000000000000000009009 /* RunSmartScanIntent.swift */; };
		000000000000000000009012 /* RunActionIntent.swift in Sources */ = {isa = PBXBuildFile; fileRef = 000000000000000000009011 /* RunActionIntent.swift */; };
		000000000000000000009014 /* GetClipboardHistoryIntent.swift in Sources */ = {isa = PBXBuildFile; fileRef = 000000000000000000009013 /* GetClipboardHistoryIntent.swift */; };
		000000000000000000009016 /* ExportReportIntent.swift in Sources */ = {isa = PBXBuildFile; fileRef = 000000000000000000009015 /* ExportReportIntent.swift */; };
		000000000000000000009018 /* HaloShortcutsProvider.swift in Sources */ = {isa = PBXBuildFile; fileRef = 000000000000000000009017 /* HaloShortcutsProvider.swift */; };
		0D95339BD7D85794863633C8 /* HaloUITestCase.swift in Sources */ = {isa = PBXBuildFile; fileRef = 4D05BDD3E3859F2D36BB0F6B /* HaloUITestCase.swift */; };
		1A276975BC00655241248D7B /* DriveSpeedView.swift in Sources */ = {isa = PBXBuildFile; fileRef = 7C310900DF7BB88C2E7AFC1B /* DriveSpeedView.swift */; };
		3082B42695CF0998AA583106 /* FirebaseDatabase in Frameworks */ = {isa = PBXBuildFile; productRef = D265B9320EDA1875C19961AD /* FirebaseDatabase */; };
		428DD9830BBDEBECB1200590 /* SmokeUITests.swift in Sources */ = {isa = PBXBuildFile; fileRef = 74D974CC4B2FB109632BF14A /* SmokeUITests.swift */; };
		74CF1681EA0B483294AE1DE3 /* SMSConsoleViewModel.swift in Sources */ = {isa = PBXBuildFile; fileRef = ABADB8F162C8E503F371B945 /* SMSConsoleViewModel.swift */; };
		7FA28EC1DD42807C6EFD8148 /* SidebarReorderUITests.swift in Sources */ = {isa = PBXBuildFile; fileRef = 3ED172401B83B65197881BFC /* SidebarReorderUITests.swift */; };
		879BABFA5A95F861A51AD596 /* FirebaseRTDBClient.swift in Sources */ = {isa = PBXBuildFile; fileRef = 74790111414AABF80E296E4C /* FirebaseRTDBClient.swift */; };
		8A64A32F27E6245BD6EAEB93 /* CleanupUITests.swift in Sources */ = {isa = PBXBuildFile; fileRef = 8908A278C13A1F3B9E21BFE9 /* CleanupUITests.swift */; };
		8B6D9AFD2032338DE0CD903D /* Cocoa.framework in Frameworks */ = {isa = PBXBuildFile; fileRef = D3824F98C3251B8B75207CE9 /* Cocoa.framework */; };
		8FB6B64C9DD98FE7C893AC62 /* HelperClientTests.swift in Sources */ = {isa = PBXBuildFile; fileRef = E0191600A2A39E962DFBAF63 /* HelperClientTests.swift */; };
		97FC4C5E35CB7030A2F01C9C /* HaloSidebar.swift in Sources */ = {isa = PBXBuildFile; fileRef = BDC5CF096A98BF13A23F809C /* HaloSidebar.swift */; };
		9B9F762E501E9A043923E03B /* CloudConfigStore.swift in Sources */ = {isa = PBXBuildFile; fileRef = 8FF3FF59B6A687B1342CA5E0 /* CloudConfigStore.swift */; };
		9D149B17EB2EB41DFC3C5024 /* FirebaseAuth in Frameworks */ = {isa = PBXBuildFile; productRef = E7BC409524EB1ACD0235E81B /* FirebaseAuth */; };
		A1ADD457CAFCC61887AF78D8 /* CloudFoundationTests.swift in Sources */ = {isa = PBXBuildFile; fileRef = 00431072E8D583A50460C948 /* CloudFoundationTests.swift */; };
		A1CCF4B6053B2C709D866F96 /* SMSModels.swift in Sources */ = {isa = PBXBuildFile; fileRef = 11E2E096AE5F0161298B622A /* SMSModels.swift */; };
		AE6FACECB50C6D438440D382 /* Cocoa.framework in Frameworks */ = {isa = PBXBuildFile; fileRef = D3824F98C3251B8B75207CE9 /* Cocoa.framework */; };
		B3BA45306DB919FF17FF62AC /* SMSConsoleView.swift in Sources */ = {isa = PBXBuildFile; fileRef = 949EBE6DE7B0C70F9518684A /* SMSConsoleView.swift */; };
		BD934A0D464689E1FA0EC1F4 /* CryptoService.swift in Sources */ = {isa = PBXBuildFile; fileRef = DEE2BFAEB9BE01F472B48AED /* CryptoService.swift */; };
		BE72A6B11920079B794737AD /* MockSMSData.swift in Sources */ = {isa = PBXBuildFile; fileRef = B63B7DC9D2CDFA71023BC48F /* MockSMSData.swift */; };
		C3321CD3FE963BFE6E079AA0 /* CloudModels.swift in Sources */ = {isa = PBXBuildFile; fileRef = F726C8A8193AD0153FD18FF9 /* CloudModels.swift */; };
		E661F24279DA76E6A603FD0B /* HaloTests.swift in Sources */ = {isa = PBXBuildFile; fileRef = E0EE44FE16CD9C3F543F4CC0 /* HaloTests.swift */; };
		EABEEEF5BBF1D9D3F61FB453 /* DriveSpeedTester.swift in Sources */ = {isa = PBXBuildFile; fileRef = 4555BA206584E6C688FD51F1 /* DriveSpeedTester.swift */; };
		FE2AA15AC1E4036EB9FD80EF /* DriveSpeedTesterTests.swift in Sources */ = {isa = PBXBuildFile; fileRef = 626E37DCEBF96711B499810F /* DriveSpeedTesterTests.swift */; };
/* End PBXBuildFile section */

/* Begin PBXContainerItemProxy section */
		000000000000000000002013 /* PBXContainerItemProxy */ = {
			isa = PBXContainerItemProxy;
			containerPortal = 000000000000000000001011 /* Project object */;
			proxyType = 1;
			remoteGlobalIDString = 000000000000000000002009;
			remoteInfo = HaloWidget;
		};
		000000000000000000003023 /* PBXContainerItemProxy */ = {
			isa = PBXContainerItemProxy;
			containerPortal = 000000000000000000001011 /* Project object */;
			proxyType = 1;
			remoteGlobalIDString = 000000000000000000003001;
			remoteInfo = HaloHelper;
		};
		A6A584D7C0B83AA98CF55847 /* PBXContainerItemProxy */ = {
			isa = PBXContainerItemProxy;
			containerPortal = 000000000000000000001011 /* Project object */;
			proxyType = 1;
			remoteGlobalIDString = 000000000000000000001004;
			remoteInfo = Halo;
		};
		D3BA2CB3FCE39C3C73262CE1 /* PBXContainerItemProxy */ = {
			isa = PBXContainerItemProxy;
			containerPortal = 000000000000000000001011 /* Project object */;
			proxyType = 1;
			remoteGlobalIDString = 000000000000000000001004;
			remoteInfo = Halo;
		};
/* End PBXContainerItemProxy section */

/* Begin PBXCopyFilesBuildPhase section */
		000000000000000000002015 /* Embed App Extensions */ = {
			isa = PBXCopyFilesBuildPhase;
			buildActionMask = 2147483647;
			dstPath = "";
			dstSubfolderSpec = 13;
			files = (
				000000000000000000002016 /* HaloWidget.appex in Embed App Extensions */,
			);
			name = "Embed App Extensions";
			runOnlyForDeploymentPostprocessing = 0;
		};
		000000000000000000003022 /* Embed XPC Services */ = {
			isa = PBXCopyFilesBuildPhase;
			buildActionMask = 2147483647;
			dstPath = "";
			dstSubfolderSpec = 16;
			files = (
				000000000000000000003017 /* HaloHelper.xpc in Embed XPC Services */,
			);
			name = "Embed XPC Services";
			runOnlyForDeploymentPostprocessing = 0;
		};
/* End PBXCopyFilesBuildPhase section */

/* Begin PBXFileReference section */
		000000000000000000001015 /* Halo.app */ = {isa = PBXFileReference; explicitFileType = wrapper.application; includeInIndex = 0; path = Halo.app; sourceTree = BUILT_PRODUCTS_DIR; };
		000000000000000000001016 /* AppState.swift */ = {isa = PBXFileReference; lastKnownFileType = sourcecode.swift; path = Halo/App/AppState.swift; sourceTree = "<group>"; };
		000000000000000000001018 /* ContentView.swift */ = {isa = PBXFileReference; lastKnownFileType = sourcecode.swift; path = Halo/App/ContentView.swift; sourceTree = "<group>"; };
		000000000000000000001020 /* HaloApp.swift */ = {isa = PBXFileReference; lastKnownFileType = sourcecode.swift; path = Halo/App/HaloApp.swift; sourceTree = "<group>"; };
		000000000000000000001022 /* Models.swift */ = {isa = PBXFileReference; lastKnownFileType = sourcecode.swift; path = Halo/Core/Models/Models.swift; sourceTree = "<group>"; };
		000000000000000000001024 /* FileSystemScanner.swift */ = {isa = PBXFileReference; lastKnownFileType = sourcecode.swift; path = Halo/Core/Scanner/FileSystemScanner.swift; sourceTree = "<group>"; };
		000000000000000000001026 /* ScanCoordinator.swift */ = {isa = PBXFileReference; lastKnownFileType = sourcecode.swift; path = Halo/Core/Scanner/ScanCoordinator.swift; sourceTree = "<group>"; };
		000000000000000000001028 /* SystemMonitor.swift */ = {isa = PBXFileReference; lastKnownFileType = sourcecode.swift; path = Halo/Core/Scanner/SystemMonitor.swift; sourceTree = "<group>"; };
		000000000000000000001030 /* DesignSystem.swift */ = {isa = PBXFileReference; lastKnownFileType = sourcecode.swift; path = Halo/DesignSystem/DesignSystem.swift; sourceTree = "<group>"; };
		000000000000000000001032 /* ApplicationsView.swift */ = {isa = PBXFileReference; lastKnownFileType = sourcecode.swift; path = Halo/Features/Applications/ApplicationsView.swift; sourceTree = "<group>"; };
		000000000000000000001034 /* CleanupView.swift */ = {isa = PBXFileReference; lastKnownFileType = sourcecode.swift; path = Halo/Features/Cleanup/CleanupView.swift; sourceTree = "<group>"; };
		000000000000000000001036 /* ClipboardView.swift */ = {isa = PBXFileReference; lastKnownFileType = sourcecode.swift; path = Halo/Features/Clipboard/ClipboardView.swift; sourceTree = "<group>"; };
		000000000000000000001038 /* DashboardView.swift */ = {isa = PBXFileReference; lastKnownFileType = sourcecode.swift; path = Halo/Features/Dashboard/DashboardView.swift; sourceTree = "<group>"; };
		000000000000000000001040 /* FilesView.swift */ = {isa = PBXFileReference; lastKnownFileType = sourcecode.swift; path = Halo/Features/Files/FilesView.swift; sourceTree = "<group>"; };
		000000000000000000001042 /* MenuBarView.swift */ = {isa = PBXFileReference; lastKnownFileType = sourcecode.swift; path = Halo/Features/MenuBar/MenuBarView.swift; sourceTree = "<group>"; };
		000000000000000000001044 /* OnboardingView.swift */ = {isa = PBXFileReference; lastKnownFileType = sourcecode.swift; path = Halo/Features/Onboarding/OnboardingView.swift; sourceTree = "<group>"; };
		000000000000000000001046 /* PerformanceView.swift */ = {isa = PBXFileReference; lastKnownFileType = sourcecode.swift; path = Halo/Features/Performance/PerformanceView.swift; sourceTree = "<group>"; };
		000000000000000000001048 /* ProtectionView.swift */ = {isa = PBXFileReference; lastKnownFileType = sourcecode.swift; path = Halo/Features/Protection/ProtectionView.swift; sourceTree = "<group>"; };
		000000000000000000001050 /* DuplicateDetector.swift */ = {isa = PBXFileReference; lastKnownFileType = sourcecode.swift; path = Halo/Core/Scanner/DuplicateDetector.swift; sourceTree = "<group>"; };
		000000000000000000001052 /* ClipboardMonitor.swift */ = {isa = PBXFileReference; lastKnownFileType = sourcecode.swift; path = Halo/Features/Clipboard/ClipboardMonitor.swift; sourceTree = "<group>"; };
		000000000000000000001054 /* SmartScanView.swift */ = {isa = PBXFileReference; lastKnownFileType = sourcecode.swift; path = Halo/Features/SmartScan/SmartScanView.swift; sourceTree = "<group>"; };
		000000000000000000001056 /* Assets.xcassets */ = {isa = PBXFileReference; lastKnownFileType = folder.assetcatalog; path = Halo/Resources/Assets.xcassets; sourceTree = "<group>"; };
		000000000000000000001058 /* PrivacyInfo.xcprivacy */ = {isa = PBXFileReference; lastKnownFileType = text.xml; path = Halo/Resources/PrivacyInfo.xcprivacy; sourceTree = "<group>"; };
		000000000000000000001060 /* IOKit.framework */ = {isa = PBXFileReference; lastKnownFileType = wrapper.framework; name = IOKit.framework; path = System/Library/Frameworks/IOKit.framework; sourceTree = SDKROOT; };
		000000000000000000001062 /* SystemConfiguration.framework */ = {isa = PBXFileReference; lastKnownFileType = wrapper.framework; name = SystemConfiguration.framework; path = System/Library/Frameworks/SystemConfiguration.framework; sourceTree = SDKROOT; };
		000000000000000000001065 /* HotkeyManager.swift */ = {isa = PBXFileReference; lastKnownFileType = sourcecode.swift; path = Halo/Core/HotkeyManager.swift; sourceTree = "<group>"; };
		000000000000000000001067 /* ClipboardQuickPickerView.swift */ = {isa = PBXFileReference; lastKnownFileType = sourcecode.swift; path = Halo/Features/Clipboard/ClipboardQuickPickerView.swift; sourceTree = "<group>"; };
		000000000000000000001070 /* ProtectionScanner.swift */ = {isa = PBXFileReference; lastKnownFileType = sourcecode.swift; path = Halo/Core/Scanner/ProtectionScanner.swift; sourceTree = "<group>"; };
		000000000000000000001072 /* AlertManager.swift */ = {isa = PBXFileReference; lastKnownFileType = sourcecode.swift; path = Halo/Core/AlertManager.swift; sourceTree = "<group>"; };
		000000000000000000001074 /* CPUDetailMonitor.swift */ = {isa = PBXFileReference; lastKnownFileType = sourcecode.swift; path = Halo/Core/Scanner/CPUDetailMonitor.swift; sourceTree = "<group>"; };
		000000000000000000001076 /* SMCReader.swift */ = {isa = PBXFileReference; lastKnownFileType = sourcecode.swift; path = Halo/Core/Scanner/SMCReader.swift; sourceTree = "<group>"; };
		000000000000000000001078 /* GPUMonitor.swift */ = {isa = PBXFileReference; lastKnownFileType = sourcecode.swift; path = Halo/Core/Scanner/GPUMonitor.swift; sourceTree = "<group>"; };
		000000000000000000001080 /* NetworkDetailMonitor.swift */ = {isa = PBXFileReference; lastKnownFileType = sourcecode.swift; path = Halo/Core/Scanner/NetworkDetailMonitor.swift; sourceTree = "<group>"; };
		000000000000000000001082 /* SpeedTestService.swift */ = {isa = PBXFileReference; lastKnownFileType = sourcecode.swift; path = Halo/Core/Scanner/SpeedTestService.swift; sourceTree = "<group>"; };
		000000000000000000001084 /* DiskHealthMonitor.swift */ = {isa = PBXFileReference; lastKnownFileType = sourcecode.swift; path = Halo/Core/Scanner/DiskHealthMonitor.swift; sourceTree = "<group>"; };
		000000000000000000001086 /* ProcessMonitor.swift */ = {isa = PBXFileReference; lastKnownFileType = sourcecode.swift; path = Halo/Core/Scanner/ProcessMonitor.swift; sourceTree = "<group>"; };
		000000000000000000001088 /* CPUCoresSection.swift */ = {isa = PBXFileReference; lastKnownFileType = sourcecode.swift; path = Halo/Features/Performance/CPUCoresSection.swift; sourceTree = "<group>"; };
		000000000000000000001090 /* SensorsSection.swift */ = {isa = PBXFileReference; lastKnownFileType = sourcecode.swift; path = Halo/Features/Performance/SensorsSection.swift; sourceTree = "<group>"; };
		000000000000000000001092 /* BatteryDetailSection.swift */ = {isa = PBXFileReference; lastKnownFileType = sourcecode.swift; path = Halo/Features/Performance/BatteryDetailSection.swift; sourceTree = "<group>"; };
		000000000000000000001094 /* NetworkDetailSection.swift */ = {isa = PBXFileReference; lastKnownFileType = sourcecode.swift; path = Halo/Features/Performance/NetworkDetailSection.swift; sourceTree = "<group>"; };
		000000000000000000001096 /* TopProcessesSection.swift */ = {isa = PBXFileReference; lastKnownFileType = sourcecode.swift; path = Halo/Features/Performance/TopProcessesSection.swift; sourceTree = "<group>"; };
		000000000000000000001098 /* NetworkSparklineCard.swift */ = {isa = PBXFileReference; lastKnownFileType = sourcecode.swift; path = Halo/Features/Dashboard/NetworkSparklineCard.swift; sourceTree = "<group>"; };
		000000000000000000001100 /* DiskHealthSection.swift */ = {isa = PBXFileReference; lastKnownFileType = sourcecode.swift; path = Halo/Features/Cleanup/DiskHealthSection.swift; sourceTree = "<group>"; };
		000000000000000000001102 /* GPUDashboardCard.swift */ = {isa = PBXFileReference; lastKnownFileType = sourcecode.swift; path = Halo/Features/Dashboard/GPUDashboardCard.swift; sourceTree = "<group>"; };
		000000000000000000002000 /* HaloWidget.appex */ = {isa = PBXFileReference; explicitFileType = "wrapper.app-extension"; includeInIndex = 0; path = HaloWidget.appex; sourceTree = BUILT_PRODUCTS_DIR; };
		000000000000000000002002 /* HaloWidgetBundle.swift */ = {isa = PBXFileReference; lastKnownFileType = sourcecode.swift; path = HaloWidgetBundle.swift; sourceTree = "<group>"; };
		000000000000000000002003 /* HaloWidget.swift */ = {isa = PBXFileReference; lastKnownFileType = sourcecode.swift; path = HaloWidget.swift; sourceTree = "<group>"; };
		000000000000000000002017 /* WidgetKit.framework */ = {isa = PBXFileReference; lastKnownFileType = wrapper.framework; name = WidgetKit.framework; path = System/Library/Frameworks/WidgetKit.framework; sourceTree = SDKROOT; };
		000000000000000000002020 /* HaloSharedData.swift */ = {isa = PBXFileReference; lastKnownFileType = sourcecode.swift; path = HaloSharedData.swift; sourceTree = "<group>"; };
		000000000000000000003000 /* HaloHelper.xpc */ = {isa = PBXFileReference; explicitFileType = "wrapper.xpc-service"; includeInIndex = 0; path = HaloHelper.xpc; sourceTree = BUILT_PRODUCTS_DIR; };
		000000000000000000003004 /* HaloHelperProtocol.swift */ = {isa = PBXFileReference; lastKnownFileType = sourcecode.swift; path = HaloHelperProtocol.swift; sourceTree = "<group>"; };
		000000000000000000003006 /* HelperClient.swift */ = {isa = PBXFileReference; lastKnownFileType = sourcecode.swift; path = Halo/Core/HelperClient.swift; sourceTree = "<group>"; };
		000000000000000000003010 /* main.swift */ = {isa = PBXFileReference; lastKnownFileType = sourcecode.swift; path = main.swift; sourceTree = "<group>"; };
		000000000000000000003012 /* HaloHelperDelegate.swift */ = {isa = PBXFileReference; lastKnownFileType = sourcecode.swift; path = HaloHelperDelegate.swift; sourceTree = "<group>"; };
		000000000000000000003014 /* HaloHelperImpl.swift */ = {isa = PBXFileReference; lastKnownFileType = sourcecode.swift; path = HaloHelperImpl.swift; sourceTree = "<group>"; };
		000000000000000000003018 /* Info.plist */ = {isa = PBXFileReference; lastKnownFileType = text.plist.xml; path = Info.plist; sourceTree = "<group>"; };
		000000000000000000003019 /* HaloHelper.entitlements */ = {isa = PBXFileReference; lastKnownFileType = text.plist.entitlements; path = HaloHelper.entitlements; sourceTree = "<group>"; };
		000000000000000000004001 /* signatures.json */ = {isa = PBXFileReference; lastKnownFileType = text.json; path = Halo/Resources/signatures.json; sourceTree = "<group>"; };
		000000000000000000004003 /* SignatureDatabase.swift */ = {isa = PBXFileReference; lastKnownFileType = sourcecode.swift; path = Halo/Core/Scanner/SignatureDatabase.swift; sourceTree = "<group>"; };
		000000000000000000004005 /* ScanScheduler.swift */ = {isa = PBXFileReference; lastKnownFileType = sourcecode.swift; path = Halo/Core/ScanScheduler.swift; sourceTree = "<group>"; };
		000000000000000000004007 /* LoginItemScanner.swift */ = {isa = PBXFileReference; lastKnownFileType = sourcecode.swift; path = Halo/Core/Scanner/LoginItemScanner.swift; sourceTree = "<group>"; };
		000000000000000000004009 /* AppScanner.swift */ = {isa = PBXFileReference; lastKnownFileType = sourcecode.swift; path = Halo/Core/Scanner/AppScanner.swift; sourceTree = "<group>"; };
		000000000000000000004011 /* AlertLog.swift */ = {isa = PBXFileReference; lastKnownFileType = sourcecode.swift; path = Halo/Core/AlertLog.swift; sourceTree = "<group>"; };
		000000000000000000004013 /* ReportGenerator.swift */ = {isa = PBXFileReference; lastKnownFileType = sourcecode.swift; path = Halo/Core/ReportGenerator.swift; sourceTree = "<group>"; };
		000000000000000000006001 /* ActionModels.swift */ = {isa = PBXFileReference; lastKnownFileType = sourcecode.swift; path = Halo/Core/Actions/ActionModels.swift; sourceTree = "<group>"; };
		000000000000000000006003 /* ActionLibrary.swift */ = {isa = PBXFileReference; lastKnownFileType = sourcecode.swift; path = Halo/Core/Actions/ActionLibrary.swift; sourceTree = "<group>"; };
		000000000000000000006005 /* ActionRunner.swift */ = {isa = PBXFileReference; lastKnownFileType = sourcecode.swift; path = Halo/Core/Actions/ActionRunner.swift; sourceTree = "<group>"; };
		000000000000000000006007 /* QuickActionPickerView.swift */ = {isa = PBXFileReference; lastKnownFileType = sourcecode.swift; path = Halo/Features/Actions/QuickActionPickerView.swift; sourceTree = "<group>"; };
		000000000000000000006009 /* ActionsView.swift */ = {isa = PBXFileReference; lastKnownFileType = sourcecode.swift; path = Halo/Features/Actions/ActionsView.swift; sourceTree = "<group>"; };
		000000000000000000006011 /* CustomActionEditor.swift */ = {isa = PBXFileReference; lastKnownFileType = sourcecode.swift; path = Halo/Features/Actions/CustomActionEditor.swift; sourceTree = "<group>"; };
		000000000000000000007000 /* BuildToken.swift */ = {isa = PBXFileReference; lastKnownFileType = sourcecode.swift; path = Halo/App/BuildToken.swift; sourceTree = "<group>"; };
		000000000000000000007003 /* ActionSettingsStore.swift */ = {isa = PBXFileReference; lastKnownFileType = sourcecode.swift; path = Halo/Core/Actions/ActionSettingsStore.swift; sourceTree = "<group>"; };
		000000000000000000007005 /* VoiceSearchController.swift */ = {isa = PBXFileReference; lastKnownFileType = sourcecode.swift; path = Halo/Core/Actions/VoiceSearchController.swift; sourceTree = "<group>"; };
		000000000000000000007007 /* ActionSettingsTab.swift */ = {isa = PBXFileReference; lastKnownFileType = sourcecode.swift; path = Halo/Features/Actions/ActionSettingsTab.swift; sourceTree = "<group>"; };
		000000000000000000007009 /* SystemControlsManager.swift */ = {isa = PBXFileReference; lastKnownFileType = sourcecode.swift; path = Halo/Core/SystemControls/SystemControlsManager.swift; sourceTree = "<group>"; };
		000000000000000000007011 /* MicCameraControlsView.swift */ = {isa = PBXFileReference; lastKnownFileType = sourcecode.swift; path = Halo/Core/SystemControls/MicCameraControlsView.swift; sourceTree = "<group>"; };
		000000000000000000007100 /* LocalShareModels.swift */ = {isa = PBXFileReference; lastKnownFileType = sourcecode.swift; path = Halo/Core/LocalShare/Models/LocalShareModels.swift; sourceTree = "<group>"; };
		000000000000000000007102 /* TLSManager.swift */ = {isa = PBXFileReference; lastKnownFileType = sourcecode.swift; path = Halo/Core/LocalShare/Crypto/TLSManager.swift; sourceTree = "<group>"; };
		000000000000000000007104 /* MulticastDiscovery.swift */ = {isa = PBXFileReference; lastKnownFileType = sourcecode.swift; path = Halo/Core/LocalShare/Network/MulticastDiscovery.swift; sourceTree = "<group>"; };
		000000000000000000007106 /* LocalShareServer.swift */ = {isa = PBXFileReference; lastKnownFileType = sourcecode.swift; path = Halo/Core/LocalShare/Network/LocalShareServer.swift; sourceTree = "<group>"; };
		000000000000000000007108 /* LocalShareClient.swift */ = {isa = PBXFileReference; lastKnownFileType = sourcecode.swift; path = Halo/Core/LocalShare/Network/LocalShareClient.swift; sourceTree = "<group>"; };
		000000000000000000007110 /* TransferPowerAssertion.swift */ = {isa = PBXFileReference; lastKnownFileType = sourcecode.swift; path = Halo/Core/LocalShare/Network/TransferPowerAssertion.swift; sourceTree = "<group>"; };
		000000000000000000007112 /* LocalShareManager.swift */ = {isa = PBXFileReference; lastKnownFileType = sourcecode.swift; path = Halo/Core/LocalShare/Manager/LocalShareManager.swift; sourceTree = "<group>"; };
		000000000000000000007114 /* LocalShareView.swift */ = {isa = PBXFileReference; lastKnownFileType = sourcecode.swift; path = Halo/Features/LocalShare/LocalShareView.swift; sourceTree = "<group>"; };
		000000000000000000007116 /* ReceiveConsentView.swift */ = {isa = PBXFileReference; lastKnownFileType = sourcecode.swift; path = Halo/Features/LocalShare/ReceiveConsentView.swift; sourceTree = "<group>"; };
		000000000000000000008001 /* PortScanner.swift */ = {isa = PBXFileReference; lastKnownFileType = sourcecode.swift; path = Halo/Core/Scanner/PortScanner.swift; sourceTree = "<group>"; };
		000000000000000000008003 /* PortManagerView.swift */ = {isa = PBXFileReference; lastKnownFileType = sourcecode.swift; path = Halo/Features/Ports/PortManagerView.swift; sourceTree = "<group>"; };
		000000000000000000008005 /* PortManagerViewModel.swift */ = {isa = PBXFileReference; lastKnownFileType = sourcecode.swift; path = Halo/Features/Ports/PortManagerViewModel.swift; sourceTree = "<group>"; };
		000000000000000000008007 /* DownloadsView.swift */ = {isa = PBXFileReference; lastKnownFileType = sourcecode.swift; path = Halo/Features/Files/DownloadsView.swift; sourceTree = "<group>"; };
		000000000000000000008009 /* DownloadsViewModel.swift */ = {isa = PBXFileReference; lastKnownFileType = sourcecode.swift; path = Halo/Features/Files/DownloadsViewModel.swift; sourceTree = "<group>"; };
		000000000000000000008011 /* CelebrationOverlay.swift */ = {isa = PBXFileReference; lastKnownFileType = sourcecode.swift; path = Halo/DesignSystem/CelebrationOverlay.swift; sourceTree = "<group>"; };
		000000000000000000008013 /* CodeBeautifierView.swift */ = {isa = PBXFileReference; lastKnownFileType = sourcecode.swift; path = Halo/Features/CodeBeautifier/CodeBeautifierView.swift; sourceTree = "<group>"; };
		000000000000000000008015 /* CodeTheme.swift */ = {isa = PBXFileReference; lastKnownFileType = sourcecode.swift; path = Halo/Features/CodeBeautifier/CodeTheme.swift; sourceTree = "<group>"; };
		000000000000000000008017 /* SyntaxHighlighter.swift */ = {isa = PBXFileReference; lastKnownFileType = sourcecode.swift; path = Halo/Features/CodeBeautifier/SyntaxHighlighter.swift; sourceTree = "<group>"; };
		000000000000000000008019 /* IdleAppMonitor.swift */ = {isa = PBXFileReference; lastKnownFileType = sourcecode.swift; path = Halo/Core/Scanner/IdleAppMonitor.swift; sourceTree = "<group>"; };
		000000000000000000008021 /* IdleAppsSection.swift */ = {isa = PBXFileReference; lastKnownFileType = sourcecode.swift; path = Halo/Features/Performance/IdleAppsSection.swift; sourceTree = "<group>"; };
		000000000000000000008023 /* SnippetManager.swift */ = {isa = PBXFileReference; lastKnownFileType = sourcecode.swift; path = Halo/Features/Clipboard/SnippetManager.swift; sourceTree = "<group>"; };
		000000000000000000008025 /* SnippetEditorView.swift */ = {isa = PBXFileReference; lastKnownFileType = sourcecode.swift; path = Halo/Features/Clipboard/SnippetEditorView.swift; sourceTree = "<group>"; };
		000000000000000000008027 /* SnippetListSection.swift */ = {isa = PBXFileReference; lastKnownFileType = sourcecode.swift; path = Halo/Features/Clipboard/SnippetListSection.swift; sourceTree = "<group>"; };
		000000000000000000008029 /* ActionShareManager.swift */ = {isa = PBXFileReference; lastKnownFileType = sourcecode.swift; path = Halo/Features/Actions/ActionShareManager.swift; sourceTree = "<group>"; };
		000000000000000000009001 /* GetHealthScoreIntent.swift */ = {isa = PBXFileReference; lastKnownFileType = sourcecode.swift; path = Halo/Intents/GetHealthScoreIntent.swift; sourceTree = "<group>"; };
		000000000000000000009003 /* GetCPUUsageIntent.swift */ = {isa = PBXFileReference; lastKnownFileType = sourcecode.swift; path = Halo/Intents/GetCPUUsageIntent.swift; sourceTree = "<group>"; };
		000000000000000000009005 /* GetBatteryHealthIntent.swift */ = {isa = PBXFileReference; lastKnownFileType = sourcecode.swift; path = Halo/Intents/GetBatteryHealthIntent.swift; sourceTree = "<group>"; };
		000000000000000000009007 /* GetDiskSpaceIntent.swift */ = {isa = PBXFileReference; lastKnownFileType = sourcecode.swift; path = Halo/Intents/GetDiskSpaceIntent.swift; sourceTree = "<group>"; };
		000000000000000000009009 /* RunSmartScanIntent.swift */ = {isa = PBXFileReference; lastKnownFileType = sourcecode.swift; path = Halo/Intents/RunSmartScanIntent.swift; sourceTree = "<group>"; };
		000000000000000000009011 /* RunActionIntent.swift */ = {isa = PBXFileReference; lastKnownFileType = sourcecode.swift; path = Halo/Intents/RunActionIntent.swift; sourceTree = "<group>"; };
		000000000000000000009013 /* GetClipboardHistoryIntent.swift */ = {isa = PBXFileReference; lastKnownFileType = sourcecode.swift; path = Halo/Intents/GetClipboardHistoryIntent.swift; sourceTree = "<group>"; };
		000000000000000000009015 /* ExportReportIntent.swift */ = {isa = PBXFileReference; lastKnownFileType = sourcecode.swift; path = Halo/Intents/ExportReportIntent.swift; sourceTree = "<group>"; };
		000000000000000000009017 /* HaloShortcutsProvider.swift */ = {isa = PBXFileReference; lastKnownFileType = sourcecode.swift; path = Halo/Intents/HaloShortcutsProvider.swift; sourceTree = "<group>"; };
		00431072E8D583A50460C948 /* CloudFoundationTests.swift */ = {isa = PBXFileReference; includeInIndex = 1; lastKnownFileType = sourcecode.swift; path = CloudFoundationTests.swift; sourceTree = "<group>"; };
		11E2E096AE5F0161298B622A /* SMSModels.swift */ = {isa = PBXFileReference; includeInIndex = 1; lastKnownFileType = sourcecode.swift; path = SMSModels.swift; sourceTree = "<group>"; };
		3ED172401B83B65197881BFC /* SidebarReorderUITests.swift */ = {isa = PBXFileReference; includeInIndex = 1; lastKnownFileType = sourcecode.swift; path = SidebarReorderUITests.swift; sourceTree = "<group>"; };
		4555BA206584E6C688FD51F1 /* DriveSpeedTester.swift */ = {isa = PBXFileReference; includeInIndex = 1; lastKnownFileType = sourcecode.swift; path = DriveSpeedTester.swift; sourceTree = "<group>"; };
		4D05BDD3E3859F2D36BB0F6B /* HaloUITestCase.swift */ = {isa = PBXFileReference; includeInIndex = 1; lastKnownFileType = sourcecode.swift; path = HaloUITestCase.swift; sourceTree = "<group>"; };
		626E37DCEBF96711B499810F /* DriveSpeedTesterTests.swift */ = {isa = PBXFileReference; includeInIndex = 1; lastKnownFileType = sourcecode.swift; path = DriveSpeedTesterTests.swift; sourceTree = "<group>"; };
		67D626412F39854842AE0A36 /* HaloUITests.xctest */ = {isa = PBXFileReference; explicitFileType = wrapper.cfbundle; includeInIndex = 0; path = HaloUITests.xctest; sourceTree = BUILT_PRODUCTS_DIR; };
		74790111414AABF80E296E4C /* FirebaseRTDBClient.swift */ = {isa = PBXFileReference; includeInIndex = 1; lastKnownFileType = sourcecode.swift; path = FirebaseRTDBClient.swift; sourceTree = "<group>"; };
		74D974CC4B2FB109632BF14A /* SmokeUITests.swift */ = {isa = PBXFileReference; includeInIndex = 1; lastKnownFileType = sourcecode.swift; path = SmokeUITests.swift; sourceTree = "<group>"; };
		7C310900DF7BB88C2E7AFC1B /* DriveSpeedView.swift */ = {isa = PBXFileReference; includeInIndex = 1; lastKnownFileType = sourcecode.swift; path = DriveSpeedView.swift; sourceTree = "<group>"; };
		8908A278C13A1F3B9E21BFE9 /* CleanupUITests.swift */ = {isa = PBXFileReference; includeInIndex = 1; lastKnownFileType = sourcecode.swift; path = CleanupUITests.swift; sourceTree = "<group>"; };
		8FF3FF59B6A687B1342CA5E0 /* CloudConfigStore.swift */ = {isa = PBXFileReference; includeInIndex = 1; lastKnownFileType = sourcecode.swift; path = CloudConfigStore.swift; sourceTree = "<group>"; };
		949EBE6DE7B0C70F9518684A /* SMSConsoleView.swift */ = {isa = PBXFileReference; includeInIndex = 1; lastKnownFileType = sourcecode.swift; path = SMSConsoleView.swift; sourceTree = "<group>"; };
		94E717DB998E0BBF1AE83F94 /* HaloTests.xctest */ = {isa = PBXFileReference; explicitFileType = wrapper.cfbundle; includeInIndex = 0; path = HaloTests.xctest; sourceTree = BUILT_PRODUCTS_DIR; };
		ABADB8F162C8E503F371B945 /* SMSConsoleViewModel.swift */ = {isa = PBXFileReference; includeInIndex = 1; lastKnownFileType = sourcecode.swift; path = SMSConsoleViewModel.swift; sourceTree = "<group>"; };
		B63B7DC9D2CDFA71023BC48F /* MockSMSData.swift */ = {isa = PBXFileReference; includeInIndex = 1; lastKnownFileType = sourcecode.swift; path = MockSMSData.swift; sourceTree = "<group>"; };
		BDC5CF096A98BF13A23F809C /* HaloSidebar.swift */ = {isa = PBXFileReference; includeInIndex = 1; lastKnownFileType = sourcecode.swift; path = HaloSidebar.swift; sourceTree = "<group>"; };
		D1749E8BBBF48CFF49E42B5A /* HaloTests.xctest */ = {isa = PBXFileReference; explicitFileType = wrapper.cfbundle; includeInIndex = 0; path = HaloTests.xctest; sourceTree = BUILT_PRODUCTS_DIR; };
		D3824F98C3251B8B75207CE9 /* Cocoa.framework */ = {isa = PBXFileReference; lastKnownFileType = wrapper.framework; name = Cocoa.framework; path = Platforms/MacOSX.platform/Developer/SDKs/MacOSX15.0.sdk/System/Library/Frameworks/Cocoa.framework; sourceTree = DEVELOPER_DIR; };
		DEE2BFAEB9BE01F472B48AED /* CryptoService.swift */ = {isa = PBXFileReference; includeInIndex = 1; lastKnownFileType = sourcecode.swift; path = CryptoService.swift; sourceTree = "<group>"; };
		E0191600A2A39E962DFBAF63 /* HelperClientTests.swift */ = {isa = PBXFileReference; includeInIndex = 1; lastKnownFileType = sourcecode.swift; path = HelperClientTests.swift; sourceTree = "<group>"; };
		E0EE44FE16CD9C3F543F4CC0 /* HaloTests.swift */ = {isa = PBXFileReference; includeInIndex = 1; lastKnownFileType = sourcecode.swift; path = HaloTests.swift; sourceTree = "<group>"; };
		EE0196FFE192CB375CB157B2 /* HaloTests.xctest */ = {isa = PBXFileReference; explicitFileType = wrapper.cfbundle; includeInIndex = 0; path = HaloTests.xctest; sourceTree = BUILT_PRODUCTS_DIR; };
		F726C8A8193AD0153FD18FF9 /* CloudModels.swift */ = {isa = PBXFileReference; includeInIndex = 1; lastKnownFileType = sourcecode.swift; path = CloudModels.swift; sourceTree = "<group>"; };
/* End PBXFileReference section */

/* Begin PBXFrameworksBuildPhase section */
		000000000000000000001014 /* Frameworks */ = {
			isa = PBXFrameworksBuildPhase;
			buildActionMask = 2147483647;
			files = (
				000000000000000000001061 /* IOKit.framework in Frameworks */,
				000000000000000000001063 /* SystemConfiguration.framework in Frameworks */,
				000000000000000000002018 /* WidgetKit.framework in Frameworks */,
				000000000000000000005001 /* Sentry in Frameworks */,
				3082B42695CF0998AA583106 /* FirebaseDatabase in Frameworks */,
				9D149B17EB2EB41DFC3C5024 /* FirebaseAuth in Frameworks */,
			);
			runOnlyForDeploymentPostprocessing = 0;
		};
		000000000000000000002006 /* Frameworks */ = {
			isa = PBXFrameworksBuildPhase;
			buildActionMask = 2147483647;
			files = (
			);
			runOnlyForDeploymentPostprocessing = 0;
		};
		000000000000000000003021 /* Frameworks */ = {
			isa = PBXFrameworksBuildPhase;
			buildActionMask = 2147483647;
			files = (
			);
			runOnlyForDeploymentPostprocessing = 0;
		};
		6A8180851501AE7536D27282 /* Frameworks */ = {
			isa = PBXFrameworksBuildPhase;
			buildActionMask = 2147483647;
			files = (
				AE6FACECB50C6D438440D382 /* Cocoa.framework in Frameworks */,
			);
			runOnlyForDeploymentPostprocessing = 0;
		};
		C15C88FA7876FD8C4263D307 /* Frameworks */ = {
			isa = PBXFrameworksBuildPhase;
			buildActionMask = 2147483647;
			files = (
				8B6D9AFD2032338DE0CD903D /* Cocoa.framework in Frameworks */,
			);
			runOnlyForDeploymentPostprocessing = 0;
		};
/* End PBXFrameworksBuildPhase section */

/* Begin PBXGroup section */
		000000000000000000001000 = {
			isa = PBXGroup;
			children = (
				000000000000000000001001 /* Sources */,
				000000000000000000001064 /* Frameworks */,
				000000000000000000002001 /* HaloWidget */,
				000000000000000000002022 /* Shared */,
				000000000000000000003026 /* HaloHelper */,
				000000000000000000001003 /* Products */,
				3FC68D77CD5D51D58443674D /* HaloUITests */,
				DFBC888F5DBC7A3BBDFF40F0 /* Halo */,
				B4EB165306B84AC114EFDB9A /* HaloTests */,
			);
			sourceTree = "<group>";
		};
		000000000000000000001001 /* Sources */ = {
			isa = PBXGroup;
			children = (
				000000000000000000001016 /* AppState.swift */,
				000000000000000000001018 /* ContentView.swift */,
				000000000000000000001020 /* HaloApp.swift */,
				000000000000000000001022 /* Models.swift */,
				000000000000000000001024 /* FileSystemScanner.swift */,
				000000000000000000001026 /* ScanCoordinator.swift */,
				000000000000000000001028 /* SystemMonitor.swift */,
				000000000000000000001050 /* DuplicateDetector.swift */,
				000000000000000000001070 /* ProtectionScanner.swift */,
				000000000000000000004003 /* SignatureDatabase.swift */,
				000000000000000000004007 /* LoginItemScanner.swift */,
				000000000000000000004009 /* AppScanner.swift */,
				000000000000000000001072 /* AlertManager.swift */,
				000000000000000000004011 /* AlertLog.swift */,
				000000000000000000004013 /* ReportGenerator.swift */,
				000000000000000000004005 /* ScanScheduler.swift */,
				000000000000000000003006 /* HelperClient.swift */,
				000000000000000000001074 /* CPUDetailMonitor.swift */,
				000000000000000000001076 /* SMCReader.swift */,
				000000000000000000001078 /* GPUMonitor.swift */,
				000000000000000000001080 /* NetworkDetailMonitor.swift */,
				000000000000000000001082 /* SpeedTestService.swift */,
				000000000000000000001084 /* DiskHealthMonitor.swift */,
				000000000000000000001086 /* ProcessMonitor.swift */,
				000000000000000000008001 /* PortScanner.swift */,
				000000000000000000008019 /* IdleAppMonitor.swift */,
				000000000000000000001030 /* DesignSystem.swift */,
				000000000000000000008011 /* CelebrationOverlay.swift */,
				000000000000000000001032 /* ApplicationsView.swift */,
				000000000000000000001034 /* CleanupView.swift */,
				000000000000000000001100 /* DiskHealthSection.swift */,
				000000000000000000001052 /* ClipboardMonitor.swift */,
				000000000000000000001067 /* ClipboardQuickPickerView.swift */,
				000000000000000000001036 /* ClipboardView.swift */,
				000000000000000000008023 /* SnippetManager.swift */,
				000000000000000000008025 /* SnippetEditorView.swift */,
				000000000000000000008027 /* SnippetListSection.swift */,
				000000000000000000001065 /* HotkeyManager.swift */,
				000000000000000000001038 /* DashboardView.swift */,
				000000000000000000001098 /* NetworkSparklineCard.swift */,
				000000000000000000001102 /* GPUDashboardCard.swift */,
				000000000000000000001040 /* FilesView.swift */,
				000000000000000000008007 /* DownloadsView.swift */,
				000000000000000000008009 /* DownloadsViewModel.swift */,
				000000000000000000001042 /* MenuBarView.swift */,
				000000000000000000001044 /* OnboardingView.swift */,
				000000000000000000001046 /* PerformanceView.swift */,
				000000000000000000001088 /* CPUCoresSection.swift */,
				000000000000000000001090 /* SensorsSection.swift */,
				000000000000000000001092 /* BatteryDetailSection.swift */,
				000000000000000000001094 /* NetworkDetailSection.swift */,
				000000000000000000001096 /* TopProcessesSection.swift */,
				000000000000000000008021 /* IdleAppsSection.swift */,
				000000000000000000008029 /* ActionShareManager.swift */,
				000000000000000000008013 /* CodeBeautifierView.swift */,
				000000000000000000008015 /* CodeTheme.swift */,
				000000000000000000008017 /* SyntaxHighlighter.swift */,
				000000000000000000008003 /* PortManagerView.swift */,
				000000000000000000008005 /* PortManagerViewModel.swift */,
				000000000000000000001048 /* ProtectionView.swift */,
				000000000000000000001054 /* SmartScanView.swift */,
				000000000000000000001056 /* Assets.xcassets */,
				000000000000000000001058 /* PrivacyInfo.xcprivacy */,
				000000000000000000004001 /* signatures.json */,
				000000000000000000009001 /* GetHealthScoreIntent.swift */,
				000000000000000000009003 /* GetCPUUsageIntent.swift */,
				000000000000000000009005 /* GetBatteryHealthIntent.swift */,
				000000000000000000009007 /* GetDiskSpaceIntent.swift */,
				000000000000000000009009 /* RunSmartScanIntent.swift */,
				000000000000000000009011 /* RunActionIntent.swift */,
				000000000000000000009013 /* GetClipboardHistoryIntent.swift */,
				000000000000000000009015 /* ExportReportIntent.swift */,
				000000000000000000009017 /* HaloShortcutsProvider.swift */,
			);
			name = Sources;
			sourceTree = "<group>";
		};
		000000000000000000001003 /* Products */ = {
			isa = PBXGroup;
			children = (
				000000000000000000001015 /* Halo.app */,
				000000000000000000002000 /* HaloWidget.appex */,
				000000000000000000003000 /* HaloHelper.xpc */,
				67D626412F39854842AE0A36 /* HaloUITests.xctest */,
				94E717DB998E0BBF1AE83F94 /* HaloTests.xctest */,
				D1749E8BBBF48CFF49E42B5A /* HaloTests.xctest */,
				EE0196FFE192CB375CB157B2 /* HaloTests.xctest */,
			);
			name = Products;
			sourceTree = "<group>";
		};
		000000000000000000001064 /* Frameworks */ = {
			isa = PBXGroup;
			children = (
				000000000000000000001060 /* IOKit.framework */,
				000000000000000000001062 /* SystemConfiguration.framework */,
				000000000000000000002017 /* WidgetKit.framework */,
				F3C703782CA1E12019C0141D /* OS X */,
			);
			name = Frameworks;
			sourceTree = "<group>";
		};
		000000000000000000002001 /* HaloWidget */ = {
			isa = PBXGroup;
			children = (
				000000000000000000002002 /* HaloWidgetBundle.swift */,
				000000000000000000002003 /* HaloWidget.swift */,
			);
			path = HaloWidget;
			sourceTree = "<group>";
		};
		000000000000000000002022 /* Shared */ = {
			isa = PBXGroup;
			children = (
				000000000000000000002020 /* HaloSharedData.swift */,
				000000000000000000003004 /* HaloHelperProtocol.swift */,
			);
			path = Shared;
			sourceTree = "<group>";
		};
		000000000000000000003026 /* HaloHelper */ = {
			isa = PBXGroup;
			children = (
				000000000000000000003010 /* main.swift */,
				000000000000000000003012 /* HaloHelperDelegate.swift */,
				000000000000000000003014 /* HaloHelperImpl.swift */,
				000000000000000000003018 /* Info.plist */,
				000000000000000000003019 /* HaloHelper.entitlements */,
			);
			name = HaloHelper;
			path = HaloHelper;
			sourceTree = "<group>";
		};
		0E2AB6F5D2E1B5E920E3EF8E /* Scanner */ = {
			isa = PBXGroup;
			children = (
				4555BA206584E6C688FD51F1 /* DriveSpeedTester.swift */,
			);
			name = Scanner;
			path = Scanner;
			sourceTree = "<group>";
		};
		3F546D0FB85E1057ECC02F6E /* Cloud */ = {
			isa = PBXGroup;
			children = (
				DEE2BFAEB9BE01F472B48AED /* CryptoService.swift */,
				F726C8A8193AD0153FD18FF9 /* CloudModels.swift */,
				8FF3FF59B6A687B1342CA5E0 /* CloudConfigStore.swift */,
				74790111414AABF80E296E4C /* FirebaseRTDBClient.swift */,
			);
			name = Cloud;
			path = Cloud;
			sourceTree = "<group>";
		};
		3FC68D77CD5D51D58443674D /* HaloUITests */ = {
			isa = PBXGroup;
			children = (
				8908A278C13A1F3B9E21BFE9 /* CleanupUITests.swift */,
				BDC5CF096A98BF13A23F809C /* HaloSidebar.swift */,
				4D05BDD3E3859F2D36BB0F6B /* HaloUITestCase.swift */,
				3ED172401B83B65197881BFC /* SidebarReorderUITests.swift */,
				74D974CC4B2FB109632BF14A /* SmokeUITests.swift */,
			);
			name = HaloUITests;
			path = HaloUITests;
			sourceTree = "<group>";
		};
		831E06F76773A70833D4AD12 /* Features */ = {
			isa = PBXGroup;
			children = (
				D2B9FF24DEEB6AD1B681E7B7 /* Files */,
				E67656630473DA23411EB0DF /* SMSConsole */,
			);
			name = Features;
			path = Features;
			sourceTree = "<group>";
		};
		8763EB3A9BDA7EE00E9F6563 /* Core */ = {
			isa = PBXGroup;
			children = (
				0E2AB6F5D2E1B5E920E3EF8E /* Scanner */,
				3F546D0FB85E1057ECC02F6E /* Cloud */,
			);
			name = Core;
			path = Core;
			sourceTree = "<group>";
		};
		B4EB165306B84AC114EFDB9A /* HaloTests */ = {
			isa = PBXGroup;
			children = (
				00431072E8D583A50460C948 /* CloudFoundationTests.swift */,
				626E37DCEBF96711B499810F /* DriveSpeedTesterTests.swift */,
				E0EE44FE16CD9C3F543F4CC0 /* HaloTests.swift */,
				E0191600A2A39E962DFBAF63 /* HelperClientTests.swift */,
			);
			name = HaloTests;
			path = HaloTests;
			sourceTree = "<group>";
		};
		D2B9FF24DEEB6AD1B681E7B7 /* Files */ = {
			isa = PBXGroup;
			children = (
				7C310900DF7BB88C2E7AFC1B /* DriveSpeedView.swift */,
			);
			name = Files;
			path = Files;
			sourceTree = "<group>";
		};
		DFBC888F5DBC7A3BBDFF40F0 /* Halo */ = {
			isa = PBXGroup;
			children = (
				8763EB3A9BDA7EE00E9F6563 /* Core */,
				831E06F76773A70833D4AD12 /* Features */,
			);
			name = Halo;
			path = Halo;
			sourceTree = "<group>";
		};
		E67656630473DA23411EB0DF /* SMSConsole */ = {
			isa = PBXGroup;
			children = (
				11E2E096AE5F0161298B622A /* SMSModels.swift */,
				B63B7DC9D2CDFA71023BC48F /* MockSMSData.swift */,
				ABADB8F162C8E503F371B945 /* SMSConsoleViewModel.swift */,
				949EBE6DE7B0C70F9518684A /* SMSConsoleView.swift */,
			);
			name = SMSConsole;
			path = SMSConsole;
			sourceTree = "<group>";
		};
		F3C703782CA1E12019C0141D /* OS X */ = {
			isa = PBXGroup;
			children = (
				D3824F98C3251B8B75207CE9 /* Cocoa.framework */,
			);
			name = "OS X";
			sourceTree = "<group>";
		};
/* End PBXGroup section */

/* Begin PBXNativeTarget section */
		000000000000000000001004 /* Halo */ = {
			isa = PBXNativeTarget;
			buildConfigurationList = 000000000000000000001008 /* Build configuration list for PBXNativeTarget "Halo" */;
			buildPhases = (
				000000000000000000001014 /* Frameworks */,
				000000000000000000001012 /* Sources */,
				000000000000000000001013 /* Resources */,
				000000000000000000002015 /* Embed App Extensions */,
				000000000000000000003022 /* Embed XPC Services */,
			);
			buildRules = (
			);
			dependencies = (
				000000000000000000002014 /* PBXTargetDependency */,
				000000000000000000003024 /* PBXTargetDependency */,
			);
			name = Halo;
			packageProductDependencies = (
				000000000000000000005002 /* Sentry */,
				D265B9320EDA1875C19961AD /* FirebaseDatabase */,
				E7BC409524EB1ACD0235E81B /* FirebaseAuth */,
			);
			productName = Halo;
			productReference = 000000000000000000001015 /* Halo.app */;
			productType = "com.apple.product-type.application";
		};
		000000000000000000002009 /* HaloWidget */ = {
			isa = PBXNativeTarget;
			buildConfigurationList = 000000000000000000002012 /* Build configuration list for PBXNativeTarget "HaloWidget" */;
			buildPhases = (
				000000000000000000002006 /* Frameworks */,
				000000000000000000002008 /* Sources */,
				000000000000000000002007 /* Resources */,
			);
			buildRules = (
			);
			dependencies = (
			);
			name = HaloWidget;
			productName = HaloWidget;
			productReference = 000000000000000000002000 /* HaloWidget.appex */;
			productType = "com.apple.product-type.app-extension";
		};
		000000000000000000003001 /* HaloHelper */ = {
			isa = PBXNativeTarget;
			buildConfigurationList = 000000000000000000003025 /* Build configuration list for PBXNativeTarget "HaloHelper" */;
			buildPhases = (
				000000000000000000003021 /* Frameworks */,
				000000000000000000003020 /* Sources */,
			);
			buildRules = (
			);
			dependencies = (
			);
			name = HaloHelper;
			productName = HaloHelper;
			productReference = 000000000000000000003000 /* HaloHelper.xpc */;
			productType = "com.apple.product-type.xpc-service";
		};
		A9F6BED9499AC0DB2CD92F48 /* HaloUITests */ = {
			isa = PBXNativeTarget;
			buildConfigurationList = 62C32D39FABB18D42035F9FE /* Build configuration list for PBXNativeTarget "HaloUITests" */;
			buildPhases = (
				341C6A1C502475A725C5A138 /* Sources */,
				6A8180851501AE7536D27282 /* Frameworks */,
				E180F2F4BA34584A2F930734 /* Resources */,
			);
			buildRules = (
			);
			dependencies = (
				63C7CAF3D4092955F4F9F76C /* PBXTargetDependency */,
			);
			name = HaloUITests;
			productName = HaloUITests;
			productReference = 67D626412F39854842AE0A36 /* HaloUITests.xctest */;
			productType = "com.apple.product-type.bundle.ui-testing";
		};
		E29CF9B1AC924AA4B3552E39 /* HaloTests */ = {
			isa = PBXNativeTarget;
			buildConfigurationList = 65155537D33F327383DC6339 /* Build configuration list for PBXNativeTarget "HaloTests" */;
			buildPhases = (
				9A69DE4C4971B75C401B8F9F /* Sources */,
				C15C88FA7876FD8C4263D307 /* Frameworks */,
				F507FFFA256C5ED041821C0C /* Resources */,
			);
			buildRules = (
			);
			dependencies = (
				CBB9970E041FE5F13B981E6D /* PBXTargetDependency */,
			);
			name = HaloTests;
			productName = HaloTests;
			productReference = EE0196FFE192CB375CB157B2 /* HaloTests.xctest */;
			productType = "com.apple.product-type.bundle.unit-test";
		};
/* End PBXNativeTarget section */

/* Begin PBXProject section */
		000000000000000000001011 /* Project object */ = {
			isa = PBXProject;
			attributes = {
				BuildIndependentTargetsInParallel = 1;
				LastSwiftUpdateCheck = 1540;
				LastUpgradeCheck = 1540;
				TargetAttributes = {
					000000000000000000001004 = {
						CreatedOnToolsVersion = 15.4;
					};
					000000000000000000002009 = {
						CreatedOnToolsVersion = 15.4;
					};
					000000000000000000003001 = {
						CreatedOnToolsVersion = 15.4;
					};
				};
			};
			buildConfigurationList = 000000000000000000001005 /* Build configuration list for PBXProject "Halo" */;
			compatibilityVersion = "Xcode 14.0";
			developmentRegion = en;
			hasScannedForEncodings = 0;
			knownRegions = (
				en,
				Base,
			);
			mainGroup = 000000000000000000001000;
			packageReferences = (
				000000000000000000005003 /* XCRemoteSwiftPackageReference "sentry-cocoa" */,
				867BA360C7F9D83BD1DABD59 /* XCRemoteSwiftPackageReference "firebase-ios-sdk" */,
			);
			productRefGroup = 000000000000000000001003 /* Products */;
			projectDirPath = "";
			projectRoot = "";
			targets = (
				000000000000000000001004 /* Halo */,
				000000000000000000002009 /* HaloWidget */,
				000000000000000000003001 /* HaloHelper */,
				A9F6BED9499AC0DB2CD92F48 /* HaloUITests */,
				E29CF9B1AC924AA4B3552E39 /* HaloTests */,
			);
		};
/* End PBXProject section */

/* Begin PBXResourcesBuildPhase section */
		000000000000000000001013 /* Resources */ = {
			isa = PBXResourcesBuildPhase;
			buildActionMask = 2147483647;
			files = (
				000000000000000000001057 /* Assets.xcassets in Resources */,
				000000000000000000001059 /* PrivacyInfo.xcprivacy in Resources */,
				000000000000000000004002 /* signatures.json in Resources */,
			);
			runOnlyForDeploymentPostprocessing = 0;
		};
		000000000000000000002007 /* Resources */ = {
			isa = PBXResourcesBuildPhase;
			buildActionMask = 2147483647;
			files = (
			);
			runOnlyForDeploymentPostprocessing = 0;
		};
		E180F2F4BA34584A2F930734 /* Resources */ = {
			isa = PBXResourcesBuildPhase;
			buildActionMask = 2147483647;
			files = (
			);
			runOnlyForDeploymentPostprocessing = 0;
		};
		F507FFFA256C5ED041821C0C /* Resources */ = {
			isa = PBXResourcesBuildPhase;
			buildActionMask = 2147483647;
			files = (
			);
			runOnlyForDeploymentPostprocessing = 0;
		};
/* End PBXResourcesBuildPhase section */

/* Begin PBXSourcesBuildPhase section */
		000000000000000000001012 /* Sources */ = {
			isa = PBXSourcesBuildPhase;
			buildActionMask = 2147483647;
			files = (
				000000000000000000007001 /* BuildToken.swift in Sources */,
				000000000000000000001017 /* AppState.swift in Sources */,
				000000000000000000001019 /* ContentView.swift in Sources */,
				000000000000000000001021 /* HaloApp.swift in Sources */,
				000000000000000000001023 /* Models.swift in Sources */,
				000000000000000000001025 /* FileSystemScanner.swift in Sources */,
				000000000000000000001027 /* ScanCoordinator.swift in Sources */,
				000000000000000000001029 /* SystemMonitor.swift in Sources */,
				000000000000000000001051 /* DuplicateDetector.swift in Sources */,
				000000000000000000001071 /* ProtectionScanner.swift in Sources */,
				000000000000000000004004 /* SignatureDatabase.swift in Sources */,
				000000000000000000004008 /* LoginItemScanner.swift in Sources */,
				000000000000000000004010 /* AppScanner.swift in Sources */,
				000000000000000000001073 /* AlertManager.swift in Sources */,
				000000000000000000004012 /* AlertLog.swift in Sources */,
				000000000000000000004014 /* ReportGenerator.swift in Sources */,
				000000000000000000004006 /* ScanScheduler.swift in Sources */,
				000000000000000000001075 /* CPUDetailMonitor.swift in Sources */,
				000000000000000000001077 /* SMCReader.swift in Sources */,
				000000000000000000001079 /* GPUMonitor.swift in Sources */,
				000000000000000000001081 /* NetworkDetailMonitor.swift in Sources */,
				000000000000000000001083 /* SpeedTestService.swift in Sources */,
				000000000000000000001085 /* DiskHealthMonitor.swift in Sources */,
				000000000000000000001087 /* ProcessMonitor.swift in Sources */,
				000000000000000000001031 /* DesignSystem.swift in Sources */,
				000000000000000000001033 /* ApplicationsView.swift in Sources */,
				000000000000000000001035 /* CleanupView.swift in Sources */,
				000000000000000000001101 /* DiskHealthSection.swift in Sources */,
				000000000000000000001053 /* ClipboardMonitor.swift in Sources */,
				000000000000000000001068 /* ClipboardQuickPickerView.swift in Sources */,
				000000000000000000001037 /* ClipboardView.swift in Sources */,
				000000000000000000001066 /* HotkeyManager.swift in Sources */,
				000000000000000000001039 /* DashboardView.swift in Sources */,
				000000000000000000001099 /* NetworkSparklineCard.swift in Sources */,
				000000000000000000001103 /* GPUDashboardCard.swift in Sources */,
				000000000000000000006002 /* ActionModels.swift in Sources */,
				000000000000000000006004 /* ActionLibrary.swift in Sources */,
				000000000000000000006006 /* ActionRunner.swift in Sources */,
				000000000000000000006008 /* QuickActionPickerView.swift in Sources */,
				000000000000000000006010 /* ActionsView.swift in Sources */,
				000000000000000000006012 /* CustomActionEditor.swift in Sources */,
				000000000000000000007101 /* LocalShareModels.swift in Sources */,
				000000000000000000007103 /* TLSManager.swift in Sources */,
				000000000000000000007105 /* MulticastDiscovery.swift in Sources */,
				000000000000000000007107 /* LocalShareServer.swift in Sources */,
				000000000000000000007109 /* LocalShareClient.swift in Sources */,
				000000000000000000007111 /* TransferPowerAssertion.swift in Sources */,
				000000000000000000007113 /* LocalShareManager.swift in Sources */,
				000000000000000000007115 /* LocalShareView.swift in Sources */,
				000000000000000000007117 /* ReceiveConsentView.swift in Sources */,
				000000000000000000008002 /* PortScanner.swift in Sources */,
				000000000000000000008004 /* PortManagerView.swift in Sources */,
				000000000000000000008006 /* PortManagerViewModel.swift in Sources */,
				000000000000000000008008 /* DownloadsView.swift in Sources */,
				000000000000000000008010 /* DownloadsViewModel.swift in Sources */,
				000000000000000000008012 /* CelebrationOverlay.swift in Sources */,
				000000000000000000008014 /* CodeBeautifierView.swift in Sources */,
				000000000000000000008016 /* CodeTheme.swift in Sources */,
				000000000000000000008018 /* SyntaxHighlighter.swift in Sources */,
				000000000000000000008020 /* IdleAppMonitor.swift in Sources */,
				000000000000000000008022 /* IdleAppsSection.swift in Sources */,
				000000000000000000008024 /* SnippetManager.swift in Sources */,
				000000000000000000008026 /* SnippetEditorView.swift in Sources */,
				000000000000000000008028 /* SnippetListSection.swift in Sources */,
				000000000000000000008030 /* ActionShareManager.swift in Sources */,
				000000000000000000009002 /* GetHealthScoreIntent.swift in Sources */,
				000000000000000000009004 /* GetCPUUsageIntent.swift in Sources */,
				000000000000000000009006 /* GetBatteryHealthIntent.swift in Sources */,
				000000000000000000009008 /* GetDiskSpaceIntent.swift in Sources */,
				000000000000000000009010 /* RunSmartScanIntent.swift in Sources */,
				000000000000000000009012 /* RunActionIntent.swift in Sources */,
				000000000000000000009014 /* GetClipboardHistoryIntent.swift in Sources */,
				000000000000000000009016 /* ExportReportIntent.swift in Sources */,
				000000000000000000009018 /* HaloShortcutsProvider.swift in Sources */,
				000000000000000000007002 /* ActionSettingsStore.swift in Sources */,
				000000000000000000007004 /* VoiceSearchController.swift in Sources */,
				000000000000000000007006 /* ActionSettingsTab.swift in Sources */,
				000000000000000000007008 /* SystemControlsManager.swift in Sources */,
				000000000000000000007010 /* MicCameraControlsView.swift in Sources */,
				000000000000000000001041 /* FilesView.swift in Sources */,
				000000000000000000001043 /* MenuBarView.swift in Sources */,
				000000000000000000001045 /* OnboardingView.swift in Sources */,
				000000000000000000001047 /* PerformanceView.swift in Sources */,
				000000000000000000001089 /* CPUCoresSection.swift in Sources */,
				000000000000000000001091 /* SensorsSection.swift in Sources */,
				000000000000000000001093 /* BatteryDetailSection.swift in Sources */,
				000000000000000000001095 /* NetworkDetailSection.swift in Sources */,
				000000000000000000001097 /* TopProcessesSection.swift in Sources */,
				000000000000000000001049 /* ProtectionView.swift in Sources */,
				000000000000000000001055 /* SmartScanView.swift in Sources */,
				000000000000000000002021 /* HaloSharedData.swift in Sources */,
				000000000000000000003005 /* HaloHelperProtocol.swift in Sources */,
				000000000000000000003007 /* HelperClient.swift in Sources */,
				EABEEEF5BBF1D9D3F61FB453 /* DriveSpeedTester.swift in Sources */,
				1A276975BC00655241248D7B /* DriveSpeedView.swift in Sources */,
				BD934A0D464689E1FA0EC1F4 /* CryptoService.swift in Sources */,
				C3321CD3FE963BFE6E079AA0 /* CloudModels.swift in Sources */,
				9B9F762E501E9A043923E03B /* CloudConfigStore.swift in Sources */,
				879BABFA5A95F861A51AD596 /* FirebaseRTDBClient.swift in Sources */,
				A1CCF4B6053B2C709D866F96 /* SMSModels.swift in Sources */,
				BE72A6B11920079B794737AD /* MockSMSData.swift in Sources */,
				74CF1681EA0B483294AE1DE3 /* SMSConsoleViewModel.swift in Sources */,
				B3BA45306DB919FF17FF62AC /* SMSConsoleView.swift in Sources */,
			);
			runOnlyForDeploymentPostprocessing = 0;
		};
		000000000000000000002008 /* Sources */ = {
			isa = PBXSourcesBuildPhase;
			buildActionMask = 2147483647;
			files = (
				000000000000000000002004 /* HaloWidgetBundle.swift in Sources */,
				000000000000000000002005 /* HaloWidget.swift in Sources */,
				000000000000000000002019 /* HaloSharedData.swift in Sources */,
			);
			runOnlyForDeploymentPostprocessing = 0;
		};
		000000000000000000003020 /* Sources */ = {
			isa = PBXSourcesBuildPhase;
			buildActionMask = 2147483647;
			files = (
				000000000000000000003009 /* HaloHelperProtocol.swift in Sources */,
				000000000000000000003011 /* main.swift in Sources */,
				000000000000000000003013 /* HaloHelperDelegate.swift in Sources */,
				000000000000000000003015 /* HaloHelperImpl.swift in Sources */,
			);
			runOnlyForDeploymentPostprocessing = 0;
		};
		341C6A1C502475A725C5A138 /* Sources */ = {
			isa = PBXSourcesBuildPhase;
			buildActionMask = 2147483647;
			files = (
				8A64A32F27E6245BD6EAEB93 /* CleanupUITests.swift in Sources */,
				97FC4C5E35CB7030A2F01C9C /* HaloSidebar.swift in Sources */,
				0D95339BD7D85794863633C8 /* HaloUITestCase.swift in Sources */,
				7FA28EC1DD42807C6EFD8148 /* SidebarReorderUITests.swift in Sources */,
				428DD9830BBDEBECB1200590 /* SmokeUITests.swift in Sources */,
			);
			runOnlyForDeploymentPostprocessing = 0;
		};
		9A69DE4C4971B75C401B8F9F /* Sources */ = {
			isa = PBXSourcesBuildPhase;
			buildActionMask = 2147483647;
			files = (
				A1ADD457CAFCC61887AF78D8 /* CloudFoundationTests.swift in Sources */,
				FE2AA15AC1E4036EB9FD80EF /* DriveSpeedTesterTests.swift in Sources */,
				E661F24279DA76E6A603FD0B /* HaloTests.swift in Sources */,
				8FB6B64C9DD98FE7C893AC62 /* HelperClientTests.swift in Sources */,
			);
			runOnlyForDeploymentPostprocessing = 0;
		};
/* End PBXSourcesBuildPhase section */

/* Begin PBXTargetDependency section */
		000000000000000000002014 /* PBXTargetDependency */ = {
			isa = PBXTargetDependency;
			target = 000000000000000000002009 /* HaloWidget */;
			targetProxy = 000000000000000000002013 /* PBXContainerItemProxy */;
		};
		000000000000000000003024 /* PBXTargetDependency */ = {
			isa = PBXTargetDependency;
			target = 000000000000000000003001 /* HaloHelper */;
			targetProxy = 000000000000000000003023 /* PBXContainerItemProxy */;
		};
		63C7CAF3D4092955F4F9F76C /* PBXTargetDependency */ = {
			isa = PBXTargetDependency;
			name = Halo;
			target = 000000000000000000001004 /* Halo */;
			targetProxy = D3BA2CB3FCE39C3C73262CE1 /* PBXContainerItemProxy */;
		};
		CBB9970E041FE5F13B981E6D /* PBXTargetDependency */ = {
			isa = PBXTargetDependency;
			name = Halo;
			target = 000000000000000000001004 /* Halo */;
			targetProxy = A6A584D7C0B83AA98CF55847 /* PBXContainerItemProxy */;
		};
/* End PBXTargetDependency section */

/* Begin XCBuildConfiguration section */
		000000000000000000001006 /* Debug */ = {
			isa = XCBuildConfiguration;
			buildSettings = {
				ALWAYS_SEARCH_USER_PATHS = NO;
				CLANG_ENABLE_MODULES = YES;
				COPY_PHASE_STRIP = NO;
				DEBUG_INFORMATION_FORMAT = dwarf;
				ENABLE_STRICT_OBJC_MSGSEND = YES;
				ENABLE_TESTABILITY = YES;
				GCC_DYNAMIC_NO_PIC = NO;
				GCC_OPTIMIZATION_LEVEL = 0;
				MACOSX_DEPLOYMENT_TARGET = 13.0;
				MTL_ENABLE_DEBUG_INFO = INCLUDE_SOURCE;
				MTL_FAST_MATH = YES;
				ONLY_ACTIVE_ARCH = YES;
				SDKROOT = macosx;
				SWIFT_ACTIVE_COMPILATION_CONDITIONS = DEBUG;
				SWIFT_OPTIMIZATION_LEVEL = "-Onone";
			};
			name = Debug;
		};
		000000000000000000001007 /* Release */ = {
			isa = XCBuildConfiguration;
			buildSettings = {
				ALWAYS_SEARCH_USER_PATHS = NO;
				CLANG_ENABLE_MODULES = YES;
				COPY_PHASE_STRIP = YES;
				DEBUG_INFORMATION_FORMAT = "dwarf-with-dsym";
				ENABLE_NS_ASSERTIONS = NO;
				ENABLE_STRICT_OBJC_MSGSEND = YES;
				MACOSX_DEPLOYMENT_TARGET = 13.0;
				MTL_FAST_MATH = YES;
				SDKROOT = macosx;
				SWIFT_OPTIMIZATION_LEVEL = "-Owholemodule";
				VALIDATE_PRODUCT = YES;
			};
			name = Release;
		};
		000000000000000000001009 /* Debug */ = {
			isa = XCBuildConfiguration;
			buildSettings = {
				ASSETCATALOG_COMPILER_APPICON_NAME = AppIcon;
				ASSET_CATALOG_COMPILER_OPTIMIZATION = space;
				CODE_SIGN_ENTITLEMENTS = "Halo/Halo-Debug.entitlements";
				CODE_SIGN_STYLE = Manual;
				COMBINE_HIDPI_IMAGES = YES;
				CURRENT_PROJECT_VERSION = 210;
				DEVELOPMENT_TEAM = "";
				GENERATE_INFOPLIST_FILE = NO;
				INFOPLIST_FILE = Halo/Resources/Info.plist;
				MACOSX_DEPLOYMENT_TARGET = 13.0;
				MARKETING_VERSION = 2.1;
				PRODUCT_BUNDLE_IDENTIFIER = com.halo.mac;
				PRODUCT_NAME = "$(TARGET_NAME)";
				PROVISIONING_PROFILE_SPECIFIER = "";
				SWIFT_EMIT_LOC_STRINGS = YES;
				SWIFT_VERSION = 5.9;
			};
			name = Debug;
		};
		000000000000000000001010 /* Release */ = {
			isa = XCBuildConfiguration;
			buildSettings = {
				ASSETCATALOG_COMPILER_APPICON_NAME = AppIcon;
				ASSET_CATALOG_COMPILER_OPTIMIZATION = space;
				CODE_SIGN_ENTITLEMENTS = Halo/Halo.entitlements;
				CODE_SIGN_STYLE = Manual;
				COMBINE_HIDPI_IMAGES = YES;
				CURRENT_PROJECT_VERSION = 210;
				DEVELOPMENT_TEAM = "";
				GENERATE_INFOPLIST_FILE = NO;
				INFOPLIST_FILE = Halo/Resources/Info.plist;
				MACOSX_DEPLOYMENT_TARGET = 13.0;
				MARKETING_VERSION = 2.1;
				PRODUCT_BUNDLE_IDENTIFIER = com.halo.mac;
				PRODUCT_NAME = "$(TARGET_NAME)";
				PROVISIONING_PROFILE_SPECIFIER = "";
				SWIFT_EMIT_LOC_STRINGS = YES;
				SWIFT_VERSION = 5.9;
			};
			name = Release;
		};
		000000000000000000002010 /* Debug */ = {
			isa = XCBuildConfiguration;
			buildSettings = {
				CODE_SIGN_ENTITLEMENTS = HaloWidget/HaloWidget.entitlements;
				CODE_SIGN_STYLE = Automatic;
				CURRENT_PROJECT_VERSION = 210;
				GENERATE_INFOPLIST_FILE = NO;
				INFOPLIST_FILE = HaloWidget/Info.plist;
				MACOSX_DEPLOYMENT_TARGET = 13.0;
				MARKETING_VERSION = 2.1;
				PRODUCT_BUNDLE_IDENTIFIER = com.halo.mac.widget;
				PRODUCT_NAME = HaloWidget;
				SKIP_INSTALL = YES;
				SWIFT_VERSION = 5.9;
			};
			name = Debug;
		};
		000000000000000000002011 /* Release */ = {
			isa = XCBuildConfiguration;
			buildSettings = {
				CODE_SIGN_ENTITLEMENTS = HaloWidget/HaloWidget.entitlements;
				CODE_SIGN_STYLE = Automatic;
				CURRENT_PROJECT_VERSION = 210;
				GENERATE_INFOPLIST_FILE = NO;
				INFOPLIST_FILE = HaloWidget/Info.plist;
				MACOSX_DEPLOYMENT_TARGET = 13.0;
				MARKETING_VERSION = 2.1;
				PRODUCT_BUNDLE_IDENTIFIER = com.halo.mac.widget;
				PRODUCT_NAME = HaloWidget;
				SKIP_INSTALL = YES;
				SWIFT_VERSION = 5.9;
			};
			name = Release;
		};
		000000000000000000003027 /* Debug */ = {
			isa = XCBuildConfiguration;
			buildSettings = {
				CODE_SIGN_ENTITLEMENTS = HaloHelper/HaloHelper.entitlements;
				CODE_SIGN_STYLE = Manual;
				CURRENT_PROJECT_VERSION = 210;
				GENERATE_INFOPLIST_FILE = NO;
				INFOPLIST_FILE = HaloHelper/Info.plist;
				MACOSX_DEPLOYMENT_TARGET = 13.0;
				MARKETING_VERSION = 2.1;
				PRODUCT_BUNDLE_IDENTIFIER = com.halo.mac.helper;
				PRODUCT_NAME = HaloHelper;
				SKIP_INSTALL = YES;
				SWIFT_VERSION = 5.9;
			};
			name = Debug;
		};
		000000000000000000003028 /* Release */ = {
			isa = XCBuildConfiguration;
			buildSettings = {
				CODE_SIGN_ENTITLEMENTS = HaloHelper/HaloHelper.entitlements;
				CODE_SIGN_STYLE = Manual;
				CURRENT_PROJECT_VERSION = 210;
				GENERATE_INFOPLIST_FILE = NO;
				INFOPLIST_FILE = HaloHelper/Info.plist;
				MACOSX_DEPLOYMENT_TARGET = 13.0;
				MARKETING_VERSION = 2.1;
				PRODUCT_BUNDLE_IDENTIFIER = com.halo.mac.helper;
				PRODUCT_NAME = HaloHelper;
				SKIP_INSTALL = YES;
				SWIFT_VERSION = 5.9;
			};
			name = Release;
		};
		34F01EEA713999157E2A95C9 /* Release */ = {
			isa = XCBuildConfiguration;
			buildSettings = {
				ALWAYS_EMBED_SWIFT_STANDARD_LIBRARIES = YES;
				CODE_SIGN_STYLE = Manual;
				CURRENT_PROJECT_VERSION = 210;
				DEVELOPMENT_TEAM = "";
				GENERATE_INFOPLIST_FILE = YES;
				MACOSX_DEPLOYMENT_TARGET = 13.0;
				MARKETING_VERSION = 2.1;
				PRODUCT_BUNDLE_IDENTIFIER = com.halo.mac.uitests;
				PRODUCT_NAME = "$(TARGET_NAME)";
				SDKROOT = macosx;
				SWIFT_EMIT_LOC_STRINGS = NO;
				SWIFT_VERSION = 5.9;
				TEST_TARGET_NAME = Halo;
			};
			name = Release;
		};
		42EB40B5A2347D2273EE9037 /* Debug */ = {
			isa = XCBuildConfiguration;
			buildSettings = {
				ALWAYS_EMBED_SWIFT_STANDARD_LIBRARIES = YES;
				CODE_SIGN_STYLE = Manual;
				CURRENT_PROJECT_VERSION = 210;
				DEVELOPMENT_TEAM = "";
				GENERATE_INFOPLIST_FILE = YES;
				MACOSX_DEPLOYMENT_TARGET = 13.0;
				MARKETING_VERSION = 2.1;
				PRODUCT_BUNDLE_IDENTIFIER = com.halo.mac.uitests;
				PRODUCT_NAME = "$(TARGET_NAME)";
				SDKROOT = macosx;
				SWIFT_EMIT_LOC_STRINGS = NO;
				SWIFT_VERSION = 5.9;
				TEST_TARGET_NAME = Halo;
			};
			name = Debug;
		};
		83634EAFDA4F79CC65CA65D2 /* Debug */ = {
			isa = XCBuildConfiguration;
			buildSettings = {
				BUNDLE_LOADER = "$(TEST_HOST)";
				CODE_SIGN_STYLE = Manual;
				CURRENT_PROJECT_VERSION = 210;
				DEVELOPMENT_TEAM = "";
				GENERATE_INFOPLIST_FILE = YES;
				MACOSX_DEPLOYMENT_TARGET = 13.0;
				MARKETING_VERSION = 2.1;
				PRODUCT_BUNDLE_IDENTIFIER = com.halo.mac.tests;
				PRODUCT_NAME = "$(TARGET_NAME)";
				SDKROOT = macosx;
				SWIFT_VERSION = 5.9;
				TEST_HOST = "$(BUILT_PRODUCTS_DIR)/Halo.app/Contents/MacOS/Halo";
			};
			name = Debug;
		};
		DBD5F64143CC3424FE3011DC /* Release */ = {
			isa = XCBuildConfiguration;
			buildSettings = {
				BUNDLE_LOADER = "$(TEST_HOST)";
				CODE_SIGN_STYLE = Manual;
				CURRENT_PROJECT_VERSION = 210;
				DEVELOPMENT_TEAM = "";
				GENERATE_INFOPLIST_FILE = YES;
				MACOSX_DEPLOYMENT_TARGET = 13.0;
				MARKETING_VERSION = 2.1;
				PRODUCT_BUNDLE_IDENTIFIER = com.halo.mac.tests;
				PRODUCT_NAME = "$(TARGET_NAME)";
				SDKROOT = macosx;
				SWIFT_VERSION = 5.9;
				TEST_HOST = "$(BUILT_PRODUCTS_DIR)/Halo.app/Contents/MacOS/Halo";
			};
			name = Release;
		};
/* End XCBuildConfiguration section */

/* Begin XCConfigurationList section */
		000000000000000000001005 /* Build configuration list for PBXProject "Halo" */ = {
			isa = XCConfigurationList;
			buildConfigurations = (
				000000000000000000001006 /* Debug */,
				000000000000000000001007 /* Release */,
			);
			defaultConfigurationIsVisible = 0;
			defaultConfigurationName = Release;
		};
		000000000000000000001008 /* Build configuration list for PBXNativeTarget "Halo" */ = {
			isa = XCConfigurationList;
			buildConfigurations = (
				000000000000000000001009 /* Debug */,
				000000000000000000001010 /* Release */,
			);
			defaultConfigurationIsVisible = 0;
			defaultConfigurationName = Release;
		};
		000000000000000000002012 /* Build configuration list for PBXNativeTarget "HaloWidget" */ = {
			isa = XCConfigurationList;
			buildConfigurations = (
				000000000000000000002010 /* Debug */,
				000000000000000000002011 /* Release */,
			);
			defaultConfigurationIsVisible = 0;
			defaultConfigurationName = Release;
		};
		000000000000000000003025 /* Build configuration list for PBXNativeTarget "HaloHelper" */ = {
			isa = XCConfigurationList;
			buildConfigurations = (
				000000000000000000003027 /* Debug */,
				000000000000000000003028 /* Release */,
			);
			defaultConfigurationIsVisible = 0;
			defaultConfigurationName = Release;
		};
		62C32D39FABB18D42035F9FE /* Build configuration list for PBXNativeTarget "HaloUITests" */ = {
			isa = XCConfigurationList;
			buildConfigurations = (
				34F01EEA713999157E2A95C9 /* Release */,
				42EB40B5A2347D2273EE9037 /* Debug */,
			);
			defaultConfigurationIsVisible = 0;
			defaultConfigurationName = Release;
		};
		65155537D33F327383DC6339 /* Build configuration list for PBXNativeTarget "HaloTests" */ = {
			isa = XCConfigurationList;
			buildConfigurations = (
				DBD5F64143CC3424FE3011DC /* Release */,
				83634EAFDA4F79CC65CA65D2 /* Debug */,
			);
			defaultConfigurationIsVisible = 0;
			defaultConfigurationName = Release;
		};
/* End XCConfigurationList section */

/* Begin XCRemoteSwiftPackageReference section */
		000000000000000000005003 /* XCRemoteSwiftPackageReference "sentry-cocoa" */ = {
			isa = XCRemoteSwiftPackageReference;
			repositoryURL = "https://github.com/getsentry/sentry-cocoa";
			requirement = {
				kind = upToNextMajorVersion;
				minimumVersion = 8.0.0;
			};
		};
		867BA360C7F9D83BD1DABD59 /* XCRemoteSwiftPackageReference "firebase-ios-sdk" */ = {
			isa = XCRemoteSwiftPackageReference;
			repositoryURL = "https://github.com/firebase/firebase-ios-sdk.git";
			requirement = {
				kind = upToNextMajorVersion;
				minimumVersion = 11.0.0;
			};
		};
/* End XCRemoteSwiftPackageReference section */

/* Begin XCSwiftPackageProductDependency section */
		000000000000000000005002 /* Sentry */ = {
			isa = XCSwiftPackageProductDependency;
			package = 000000000000000000005003 /* XCRemoteSwiftPackageReference "sentry-cocoa" */;
			productName = Sentry;
		};
		D265B9320EDA1875C19961AD /* FirebaseDatabase */ = {
			isa = XCSwiftPackageProductDependency;
			package = 867BA360C7F9D83BD1DABD59 /* XCRemoteSwiftPackageReference "firebase-ios-sdk" */;
			productName = FirebaseDatabase;
		};
		E7BC409524EB1ACD0235E81B /* FirebaseAuth */ = {
			isa = XCSwiftPackageProductDependency;
			package = 867BA360C7F9D83BD1DABD59 /* XCRemoteSwiftPackageReference "firebase-ios-sdk" */;
			productName = FirebaseAuth;
		};
/* End XCSwiftPackageProductDependency section */
	};
	rootObject = 000000000000000000001011 /* Project object */;
}
