// !$*UTF8*$!
{
	archiveVersion = 1;
	classes = {
	};
	objectVersion = 56;
	objects = {

/* Begin PBXBuildFile section */
		000000000000000000007001 /* Halo/App/BuildToken.swift in Sources */ = {isa = PBXBuildFile; fileRef = 000000000000000000007000 /* Halo/App/BuildToken.swift */; };
		000000000000000000001017 /* Halo/App/AppState.swift in Sources */ = {isa = PBXBuildFile; fileRef = 000000000000000000001016 /* Halo/App/AppState.swift */; };
		000000000000000000001019 /* Halo/App/ContentView.swift in Sources */ = {isa = PBXBuildFile; fileRef = 000000000000000000001018 /* Halo/App/ContentView.swift */; };
		000000000000000000001021 /* Halo/App/HaloApp.swift in Sources */ = {isa = PBXBuildFile; fileRef = 000000000000000000001020 /* Halo/App/HaloApp.swift */; };
		000000000000000000001023 /* Halo/Core/Models/Models.swift in Sources */ = {isa = PBXBuildFile; fileRef = 000000000000000000001022 /* Halo/Core/Models/Models.swift */; };
		000000000000000000001025 /* Halo/Core/Scanner/FileSystemScanner.swift in Sources */ = {isa = PBXBuildFile; fileRef = 000000000000000000001024 /* Halo/Core/Scanner/FileSystemScanner.swift */; };
		000000000000000000001027 /* Halo/Core/Scanner/ScanCoordinator.swift in Sources */ = {isa = PBXBuildFile; fileRef = 000000000000000000001026 /* Halo/Core/Scanner/ScanCoordinator.swift */; };
		000000000000000000001029 /* Halo/Core/Scanner/SystemMonitor.swift in Sources */ = {isa = PBXBuildFile; fileRef = 000000000000000000001028 /* Halo/Core/Scanner/SystemMonitor.swift */; };
		000000000000000000001031 /* Halo/DesignSystem/DesignSystem.swift in Sources */ = {isa = PBXBuildFile; fileRef = 000000000000000000001030 /* Halo/DesignSystem/DesignSystem.swift */; };
		000000000000000000001033 /* Halo/Features/Applications/ApplicationsView.swift in Sources */ = {isa = PBXBuildFile; fileRef = 000000000000000000001032 /* Halo/Features/Applications/ApplicationsView.swift */; };
		000000000000000000001035 /* Halo/Features/Cleanup/CleanupView.swift in Sources */ = {isa = PBXBuildFile; fileRef = 000000000000000000001034 /* Halo/Features/Cleanup/CleanupView.swift */; };
		000000000000000000001037 /* Halo/Features/Clipboard/ClipboardView.swift in Sources */ = {isa = PBXBuildFile; fileRef = 000000000000000000001036 /* Halo/Features/Clipboard/ClipboardView.swift */; };
		000000000000000000001039 /* Halo/Features/Dashboard/DashboardView.swift in Sources */ = {isa = PBXBuildFile; fileRef = 000000000000000000001038 /* Halo/Features/Dashboard/DashboardView.swift */; };
		000000000000000000001041 /* Halo/Features/Files/FilesView.swift in Sources */ = {isa = PBXBuildFile; fileRef = 000000000000000000001040 /* Halo/Features/Files/FilesView.swift */; };
		000000000000000000001043 /* Halo/Features/MenuBar/MenuBarView.swift in Sources */ = {isa = PBXBuildFile; fileRef = 000000000000000000001042 /* Halo/Features/MenuBar/MenuBarView.swift */; };
		000000000000000000001045 /* Halo/Features/Onboarding/OnboardingView.swift in Sources */ = {isa = PBXBuildFile; fileRef = 000000000000000000001044 /* Halo/Features/Onboarding/OnboardingView.swift */; };
		000000000000000000001047 /* Halo/Features/Performance/PerformanceView.swift in Sources */ = {isa = PBXBuildFile; fileRef = 000000000000000000001046 /* Halo/Features/Performance/PerformanceView.swift */; };
		000000000000000000001049 /* Halo/Features/Protection/ProtectionView.swift in Sources */ = {isa = PBXBuildFile; fileRef = 000000000000000000001048 /* Halo/Features/Protection/ProtectionView.swift */; };
		000000000000000000001051 /* Halo/Core/Scanner/DuplicateDetector.swift in Sources */ = {isa = PBXBuildFile; fileRef = 000000000000000000001050 /* Halo/Core/Scanner/DuplicateDetector.swift */; };
		000000000000000000001053 /* Halo/Features/Clipboard/ClipboardMonitor.swift in Sources */ = {isa = PBXBuildFile; fileRef = 000000000000000000001052 /* Halo/Features/Clipboard/ClipboardMonitor.swift */; };
		000000000000000000001055 /* Halo/Features/SmartScan/SmartScanView.swift in Sources */ = {isa = PBXBuildFile; fileRef = 000000000000000000001054 /* Halo/Features/SmartScan/SmartScanView.swift */; };
		000000000000000000001057 /* Halo/Resources/Assets.xcassets in Resources */ = {isa = PBXBuildFile; fileRef = 000000000000000000001056 /* Halo/Resources/Assets.xcassets */; };
		000000000000000000001059 /* Halo/Resources/PrivacyInfo.xcprivacy in Resources */ = {isa = PBXBuildFile; fileRef = 000000000000000000001058 /* Halo/Resources/PrivacyInfo.xcprivacy */; };
		000000000000000000004002 /* Halo/Resources/signatures.json in Resources */ = {isa = PBXBuildFile; fileRef = 000000000000000000004001 /* Halo/Resources/signatures.json */; };
		000000000000000000001061 /* IOKit.framework in Frameworks */ = {isa = PBXBuildFile; fileRef = 000000000000000000001060 /* IOKit.framework */; };
		000000000000000000001063 /* SystemConfiguration.framework in Frameworks */ = {isa = PBXBuildFile; fileRef = 000000000000000000001062 /* SystemConfiguration.framework */; };
		000000000000000000005001 /* Sentry in Frameworks */ = {isa = PBXBuildFile; productRef = 000000000000000000005002 /* Sentry */; };
		000000000000000000001066 /* Halo/Core/HotkeyManager.swift in Sources */ = {isa = PBXBuildFile; fileRef = 000000000000000000001065 /* Halo/Core/HotkeyManager.swift */; };
		000000000000000000001068 /* Halo/Features/Clipboard/ClipboardQuickPickerView.swift in Sources */ = {isa = PBXBuildFile; fileRef = 000000000000000000001067 /* Halo/Features/Clipboard/ClipboardQuickPickerView.swift */; };
		000000000000000000001071 /* Halo/Core/Scanner/ProtectionScanner.swift in Sources */ = {isa = PBXBuildFile; fileRef = 000000000000000000001070 /* Halo/Core/Scanner/ProtectionScanner.swift */; };
		000000000000000000004004 /* Halo/Core/Scanner/SignatureDatabase.swift in Sources */ = {isa = PBXBuildFile; fileRef = 000000000000000000004003 /* Halo/Core/Scanner/SignatureDatabase.swift */; };
		000000000000000000004008 /* Halo/Core/Scanner/LoginItemScanner.swift in Sources */ = {isa = PBXBuildFile; fileRef = 000000000000000000004007 /* Halo/Core/Scanner/LoginItemScanner.swift */; };
		000000000000000000004010 /* Halo/Core/Scanner/AppScanner.swift in Sources */ = {isa = PBXBuildFile; fileRef = 000000000000000000004009 /* Halo/Core/Scanner/AppScanner.swift */; };
		000000000000000000001073 /* Halo/Core/AlertManager.swift in Sources */ = {isa = PBXBuildFile; fileRef = 000000000000000000001072 /* Halo/Core/AlertManager.swift */; };
		000000000000000000004012 /* Halo/Core/AlertLog.swift in Sources */ = {isa = PBXBuildFile; fileRef = 000000000000000000004011 /* Halo/Core/AlertLog.swift */; };
		000000000000000000004014 /* Halo/Core/ReportGenerator.swift in Sources */ = {isa = PBXBuildFile; fileRef = 000000000000000000004013 /* Halo/Core/ReportGenerator.swift */; };
		000000000000000000004006 /* Halo/Core/ScanScheduler.swift in Sources */ = {isa = PBXBuildFile; fileRef = 000000000000000000004005 /* Halo/Core/ScanScheduler.swift */; };
		000000000000000000001075 /* Halo/Core/Scanner/CPUDetailMonitor.swift in Sources */ = {isa = PBXBuildFile; fileRef = 000000000000000000001074 /* Halo/Core/Scanner/CPUDetailMonitor.swift */; };
		000000000000000000001077 /* Halo/Core/Scanner/SMCReader.swift in Sources */ = {isa = PBXBuildFile; fileRef = 000000000000000000001076 /* Halo/Core/Scanner/SMCReader.swift */; };
		000000000000000000001079 /* Halo/Core/Scanner/GPUMonitor.swift in Sources */ = {isa = PBXBuildFile; fileRef = 000000000000000000001078 /* Halo/Core/Scanner/GPUMonitor.swift */; };
		000000000000000000001081 /* Halo/Core/Scanner/NetworkDetailMonitor.swift in Sources */ = {isa = PBXBuildFile; fileRef = 000000000000000000001080 /* Halo/Core/Scanner/NetworkDetailMonitor.swift */; };
		000000000000000000001083 /* Halo/Core/Scanner/SpeedTestService.swift in Sources */ = {isa = PBXBuildFile; fileRef = 000000000000000000001082 /* Halo/Core/Scanner/SpeedTestService.swift */; };
		000000000000000000001085 /* Halo/Core/Scanner/DiskHealthMonitor.swift in Sources */ = {isa = PBXBuildFile; fileRef = 000000000000000000001084 /* Halo/Core/Scanner/DiskHealthMonitor.swift */; };
		000000000000000000001087 /* Halo/Core/Scanner/ProcessMonitor.swift in Sources */ = {isa = PBXBuildFile; fileRef = 000000000000000000001086 /* Halo/Core/Scanner/ProcessMonitor.swift */; };
		000000000000000000001089 /* Halo/Features/Performance/CPUCoresSection.swift in Sources */ = {isa = PBXBuildFile; fileRef = 000000000000000000001088 /* Halo/Features/Performance/CPUCoresSection.swift */; };
		000000000000000000001091 /* Halo/Features/Performance/SensorsSection.swift in Sources */ = {isa = PBXBuildFile; fileRef = 000000000000000000001090 /* Halo/Features/Performance/SensorsSection.swift */; };
		000000000000000000001093 /* Halo/Features/Performance/BatteryDetailSection.swift in Sources */ = {isa = PBXBuildFile; fileRef = 000000000000000000001092 /* Halo/Features/Performance/BatteryDetailSection.swift */; };
		000000000000000000001095 /* Halo/Features/Performance/NetworkDetailSection.swift in Sources */ = {isa = PBXBuildFile; fileRef = 000000000000000000001094 /* Halo/Features/Performance/NetworkDetailSection.swift */; };
		000000000000000000001097 /* Halo/Features/Performance/TopProcessesSection.swift in Sources */ = {isa = PBXBuildFile; fileRef = 000000000000000000001096 /* Halo/Features/Performance/TopProcessesSection.swift */; };
		000000000000000000001099 /* Halo/Features/Dashboard/NetworkSparklineCard.swift in Sources */ = {isa = PBXBuildFile; fileRef = 000000000000000000001098 /* Halo/Features/Dashboard/NetworkSparklineCard.swift */; };
		000000000000000000001101 /* Halo/Features/Cleanup/DiskHealthSection.swift in Sources */ = {isa = PBXBuildFile; fileRef = 000000000000000000001100 /* Halo/Features/Cleanup/DiskHealthSection.swift */; };
		000000000000000000001103 /* Halo/Features/Dashboard/GPUDashboardCard.swift in Sources */ = {isa = PBXBuildFile; fileRef = 000000000000000000001102 /* Halo/Features/Dashboard/GPUDashboardCard.swift */; };
		/* Actions module */
		000000000000000000006002 /* Halo/Core/Actions/ActionModels.swift in Sources */ = {isa = PBXBuildFile; fileRef = 000000000000000000006001 /* Halo/Core/Actions/ActionModels.swift */; };
		000000000000000000006004 /* Halo/Core/Actions/ActionLibrary.swift in Sources */ = {isa = PBXBuildFile; fileRef = 000000000000000000006003 /* Halo/Core/Actions/ActionLibrary.swift */; };
		000000000000000000006006 /* Halo/Core/Actions/ActionRunner.swift in Sources */ = {isa = PBXBuildFile; fileRef = 000000000000000000006005 /* Halo/Core/Actions/ActionRunner.swift */; };
		000000000000000000006008 /* Halo/Features/Actions/QuickActionPickerView.swift in Sources */ = {isa = PBXBuildFile; fileRef = 000000000000000000006007 /* Halo/Features/Actions/QuickActionPickerView.swift */; };
		000000000000000000006010 /* Halo/Features/Actions/ActionsView.swift in Sources */ = {isa = PBXBuildFile; fileRef = 000000000000000000006009 /* Halo/Features/Actions/ActionsView.swift */; };
		000000000000000000006012 /* Halo/Features/Actions/CustomActionEditor.swift in Sources */ = {isa = PBXBuildFile; fileRef = 000000000000000000006011 /* Halo/Features/Actions/CustomActionEditor.swift */; };
		/* F-002: Shared protocol — compiled into Halo + HaloHelper */
		000000000000000000003005 /* HaloHelperProtocol.swift in Sources (Halo) */ = {isa = PBXBuildFile; fileRef = 000000000000000000003004 /* HaloHelperProtocol.swift */; };
		000000000000000000003007 /* HelperClient.swift in Sources */ = {isa = PBXBuildFile; fileRef = 000000000000000000003006 /* Halo/Core/HelperClient.swift */; };
		/* F-002: HaloHelper XPC target sources */
		000000000000000000003009 /* HaloHelperProtocol.swift in Sources (Helper) */ = {isa = PBXBuildFile; fileRef = 000000000000000000003004 /* HaloHelperProtocol.swift */; };
		000000000000000000003011 /* main.swift in Sources (Helper) */ = {isa = PBXBuildFile; fileRef = 000000000000000000003010 /* main.swift */; };
		000000000000000000003013 /* HaloHelperDelegate.swift in Sources */ = {isa = PBXBuildFile; fileRef = 000000000000000000003012 /* HaloHelperDelegate.swift */; };
		000000000000000000003015 /* HaloHelperImpl.swift in Sources */ = {isa = PBXBuildFile; fileRef = 000000000000000000003014 /* HaloHelperImpl.swift */; };
		/* F-002: Embed HaloHelper XPC in main app */
		000000000000000000003017 /* HaloHelper.xpc in XPC Services */ = {isa = PBXBuildFile; fileRef = 000000000000000000003000 /* HaloHelper.xpc */; settings = {ATTRIBUTES = (RemoveHeadersOnCopy, ); }; };
		000000000000000000002004 /* HaloWidgetBundle.swift in Sources */ = {isa = PBXBuildFile; fileRef = 000000000000000000002002 /* HaloWidgetBundle.swift */; };
		000000000000000000002005 /* HaloWidget.swift in Sources */ = {isa = PBXBuildFile; fileRef = 000000000000000000002003 /* HaloWidget.swift */; };
		000000000000000000002016 /* HaloWidget.appex in Embed App Extensions */ = {isa = PBXBuildFile; fileRef = 000000000000000000002000 /* HaloWidget.appex */; settings = {ATTRIBUTES = (RemoveHeadersOnCopy, ); }; };
		000000000000000000002018 /* WidgetKit.framework in Frameworks */ = {isa = PBXBuildFile; fileRef = 000000000000000000002017 /* WidgetKit.framework */; };
		000000000000000000002019 /* HaloSharedData.swift in Sources */ = {isa = PBXBuildFile; fileRef = 000000000000000000002020 /* HaloSharedData.swift */; };
		000000000000000000002021 /* HaloSharedData.swift in Sources */ = {isa = PBXBuildFile; fileRef = 000000000000000000002020 /* HaloSharedData.swift */; };
/* End PBXBuildFile section */

/* Begin PBXContainerItemProxy section */
		000000000000000000002013 /* PBXContainerItemProxy */ = {
			isa = PBXContainerItemProxy;
			containerPortal = 000000000000000000001011 /* Project object */;
			proxyType = 1;
			remoteGlobalIDString = 000000000000000000002009;
			remoteInfo = HaloWidget;
		};
/* End PBXContainerItemProxy section */

/* Begin PBXCopyFilesBuildPhase section */
		000000000000000000002015 /* Embed App Extensions */ = {
			isa = PBXCopyFilesBuildPhase;
			buildActionMask = 2147483647;
			dstPath = "";
			dstSubfolderSpec = 13;
			files = (
				000000000000000000002016 /* HaloWidget.appex in Embed App Extensions */,
			);
			name = "Embed App Extensions";
			runOnlyForDeploymentPostprocessing = 0;
		};
/* End PBXCopyFilesBuildPhase section */

/* Begin PBXFileReference section */
		000000000000000000001015 /* Halo.app */ = {isa = PBXFileReference; explicitFileType = wrapper.application; includeInIndex = 0; path = Halo.app; sourceTree = BUILT_PRODUCTS_DIR; };
		000000000000000000007000 /* Halo/App/BuildToken.swift */ = {isa = PBXFileReference; lastKnownFileType = sourcecode.swift; path = Halo/App/BuildToken.swift; sourceTree = "<group>"; };
		000000000000000000001016 /* Halo/App/AppState.swift */ = {isa = PBXFileReference; lastKnownFileType = sourcecode.swift; path = Halo/App/AppState.swift; sourceTree = "<group>"; };
		000000000000000000001018 /* Halo/App/ContentView.swift */ = {isa = PBXFileReference; lastKnownFileType = sourcecode.swift; path = Halo/App/ContentView.swift; sourceTree = "<group>"; };
		000000000000000000001020 /* Halo/App/HaloApp.swift */ = {isa = PBXFileReference; lastKnownFileType = sourcecode.swift; path = Halo/App/HaloApp.swift; sourceTree = "<group>"; };
		000000000000000000001022 /* Halo/Core/Models/Models.swift */ = {isa = PBXFileReference; lastKnownFileType = sourcecode.swift; path = Halo/Core/Models/Models.swift; sourceTree = "<group>"; };
		000000000000000000001024 /* Halo/Core/Scanner/FileSystemScanner.swift */ = {isa = PBXFileReference; lastKnownFileType = sourcecode.swift; path = Halo/Core/Scanner/FileSystemScanner.swift; sourceTree = "<group>"; };
		000000000000000000001026 /* Halo/Core/Scanner/ScanCoordinator.swift */ = {isa = PBXFileReference; lastKnownFileType = sourcecode.swift; path = Halo/Core/Scanner/ScanCoordinator.swift; sourceTree = "<group>"; };
		000000000000000000001028 /* Halo/Core/Scanner/SystemMonitor.swift */ = {isa = PBXFileReference; lastKnownFileType = sourcecode.swift; path = Halo/Core/Scanner/SystemMonitor.swift; sourceTree = "<group>"; };
		000000000000000000001030 /* Halo/DesignSystem/DesignSystem.swift */ = {isa = PBXFileReference; lastKnownFileType = sourcecode.swift; path = Halo/DesignSystem/DesignSystem.swift; sourceTree = "<group>"; };
		000000000000000000001032 /* Halo/Features/Applications/ApplicationsView.swift */ = {isa = PBXFileReference; lastKnownFileType = sourcecode.swift; path = Halo/Features/Applications/ApplicationsView.swift; sourceTree = "<group>"; };
		000000000000000000001034 /* Halo/Features/Cleanup/CleanupView.swift */ = {isa = PBXFileReference; lastKnownFileType = sourcecode.swift; path = Halo/Features/Cleanup/CleanupView.swift; sourceTree = "<group>"; };
		000000000000000000001036 /* Halo/Features/Clipboard/ClipboardView.swift */ = {isa = PBXFileReference; lastKnownFileType = sourcecode.swift; path = Halo/Features/Clipboard/ClipboardView.swift; sourceTree = "<group>"; };
		000000000000000000001038 /* Halo/Features/Dashboard/DashboardView.swift */ = {isa = PBXFileReference; lastKnownFileType = sourcecode.swift; path = Halo/Features/Dashboard/DashboardView.swift; sourceTree = "<group>"; };
		000000000000000000001040 /* Halo/Features/Files/FilesView.swift */ = {isa = PBXFileReference; lastKnownFileType = sourcecode.swift; path = Halo/Features/Files/FilesView.swift; sourceTree = "<group>"; };
		000000000000000000001042 /* Halo/Features/MenuBar/MenuBarView.swift */ = {isa = PBXFileReference; lastKnownFileType = sourcecode.swift; path = Halo/Features/MenuBar/MenuBarView.swift; sourceTree = "<group>"; };
		000000000000000000001044 /* Halo/Features/Onboarding/OnboardingView.swift */ = {isa = PBXFileReference; lastKnownFileType = sourcecode.swift; path = Halo/Features/Onboarding/OnboardingView.swift; sourceTree = "<group>"; };
		000000000000000000001046 /* Halo/Features/Performance/PerformanceView.swift */ = {isa = PBXFileReference; lastKnownFileType = sourcecode.swift; path = Halo/Features/Performance/PerformanceView.swift; sourceTree = "<group>"; };
		000000000000000000001048 /* Halo/Features/Protection/ProtectionView.swift */ = {isa = PBXFileReference; lastKnownFileType = sourcecode.swift; path = Halo/Features/Protection/ProtectionView.swift; sourceTree = "<group>"; };
		000000000000000000001050 /* Halo/Core/Scanner/DuplicateDetector.swift */ = {isa = PBXFileReference; lastKnownFileType = sourcecode.swift; path = Halo/Core/Scanner/DuplicateDetector.swift; sourceTree = "<group>"; };
		000000000000000000001052 /* Halo/Features/Clipboard/ClipboardMonitor.swift */ = {isa = PBXFileReference; lastKnownFileType = sourcecode.swift; path = Halo/Features/Clipboard/ClipboardMonitor.swift; sourceTree = "<group>"; };
		000000000000000000001054 /* Halo/Features/SmartScan/SmartScanView.swift */ = {isa = PBXFileReference; lastKnownFileType = sourcecode.swift; path = Halo/Features/SmartScan/SmartScanView.swift; sourceTree = "<group>"; };
		000000000000000000001056 /* Halo/Resources/Assets.xcassets */ = {isa = PBXFileReference; lastKnownFileType = folder.assetcatalog; path = Halo/Resources/Assets.xcassets; sourceTree = "<group>"; };
		000000000000000000001058 /* Halo/Resources/PrivacyInfo.xcprivacy */ = {isa = PBXFileReference; lastKnownFileType = text.xml; path = Halo/Resources/PrivacyInfo.xcprivacy; sourceTree = "<group>"; };
		000000000000000000004001 /* Halo/Resources/signatures.json */ = {isa = PBXFileReference; lastKnownFileType = text.json; path = Halo/Resources/signatures.json; sourceTree = "<group>"; };
		000000000000000000001060 /* IOKit.framework */ = {isa = PBXFileReference; lastKnownFileType = wrapper.framework; name = IOKit.framework; path = System/Library/Frameworks/IOKit.framework; sourceTree = SDKROOT; };
		000000000000000000001062 /* SystemConfiguration.framework */ = {isa = PBXFileReference; lastKnownFileType = wrapper.framework; name = SystemConfiguration.framework; path = System/Library/Frameworks/SystemConfiguration.framework; sourceTree = SDKROOT; };
		000000000000000000001065 /* Halo/Core/HotkeyManager.swift */ = {isa = PBXFileReference; lastKnownFileType = sourcecode.swift; path = Halo/Core/HotkeyManager.swift; sourceTree = "<group>"; };
		000000000000000000001067 /* Halo/Features/Clipboard/ClipboardQuickPickerView.swift */ = {isa = PBXFileReference; lastKnownFileType = sourcecode.swift; path = Halo/Features/Clipboard/ClipboardQuickPickerView.swift; sourceTree = "<group>"; };
		000000000000000000001070 /* Halo/Core/Scanner/ProtectionScanner.swift */ = {isa = PBXFileReference; lastKnownFileType = sourcecode.swift; path = Halo/Core/Scanner/ProtectionScanner.swift; sourceTree = "<group>"; };
		000000000000000000004003 /* Halo/Core/Scanner/SignatureDatabase.swift */ = {isa = PBXFileReference; lastKnownFileType = sourcecode.swift; path = Halo/Core/Scanner/SignatureDatabase.swift; sourceTree = "<group>"; };
		000000000000000000004007 /* Halo/Core/Scanner/LoginItemScanner.swift */ = {isa = PBXFileReference; lastKnownFileType = sourcecode.swift; path = Halo/Core/Scanner/LoginItemScanner.swift; sourceTree = "<group>"; };
		000000000000000000004009 /* Halo/Core/Scanner/AppScanner.swift */ = {isa = PBXFileReference; lastKnownFileType = sourcecode.swift; path = Halo/Core/Scanner/AppScanner.swift; sourceTree = "<group>"; };
		000000000000000000001072 /* Halo/Core/AlertManager.swift */ = {isa = PBXFileReference; lastKnownFileType = sourcecode.swift; path = Halo/Core/AlertManager.swift; sourceTree = "<group>"; };
		000000000000000000004011 /* Halo/Core/AlertLog.swift */ = {isa = PBXFileReference; lastKnownFileType = sourcecode.swift; path = Halo/Core/AlertLog.swift; sourceTree = "<group>"; };
		000000000000000000004013 /* Halo/Core/ReportGenerator.swift */ = {isa = PBXFileReference; lastKnownFileType = sourcecode.swift; path = Halo/Core/ReportGenerator.swift; sourceTree = "<group>"; };
		000000000000000000004005 /* Halo/Core/ScanScheduler.swift */ = {isa = PBXFileReference; lastKnownFileType = sourcecode.swift; path = Halo/Core/ScanScheduler.swift; sourceTree = "<group>"; };
		000000000000000000001074 /* Halo/Core/Scanner/CPUDetailMonitor.swift */ = {isa = PBXFileReference; lastKnownFileType = sourcecode.swift; path = Halo/Core/Scanner/CPUDetailMonitor.swift; sourceTree = "<group>"; };
		000000000000000000001076 /* Halo/Core/Scanner/SMCReader.swift */ = {isa = PBXFileReference; lastKnownFileType = sourcecode.swift; path = Halo/Core/Scanner/SMCReader.swift; sourceTree = "<group>"; };
		000000000000000000001078 /* Halo/Core/Scanner/GPUMonitor.swift */ = {isa = PBXFileReference; lastKnownFileType = sourcecode.swift; path = Halo/Core/Scanner/GPUMonitor.swift; sourceTree = "<group>"; };
		000000000000000000001080 /* Halo/Core/Scanner/NetworkDetailMonitor.swift */ = {isa = PBXFileReference; lastKnownFileType = sourcecode.swift; path = Halo/Core/Scanner/NetworkDetailMonitor.swift; sourceTree = "<group>"; };
		000000000000000000001082 /* Halo/Core/Scanner/SpeedTestService.swift */ = {isa = PBXFileReference; lastKnownFileType = sourcecode.swift; path = Halo/Core/Scanner/SpeedTestService.swift; sourceTree = "<group>"; };
		000000000000000000001084 /* Halo/Core/Scanner/DiskHealthMonitor.swift */ = {isa = PBXFileReference; lastKnownFileType = sourcecode.swift; path = Halo/Core/Scanner/DiskHealthMonitor.swift; sourceTree = "<group>"; };
		000000000000000000001086 /* Halo/Core/Scanner/ProcessMonitor.swift */ = {isa = PBXFileReference; lastKnownFileType = sourcecode.swift; path = Halo/Core/Scanner/ProcessMonitor.swift; sourceTree = "<group>"; };
		000000000000000000001088 /* Halo/Features/Performance/CPUCoresSection.swift */ = {isa = PBXFileReference; lastKnownFileType = sourcecode.swift; path = Halo/Features/Performance/CPUCoresSection.swift; sourceTree = "<group>"; };
		000000000000000000001090 /* Halo/Features/Performance/SensorsSection.swift */ = {isa = PBXFileReference; lastKnownFileType = sourcecode.swift; path = Halo/Features/Performance/SensorsSection.swift; sourceTree = "<group>"; };
		000000000000000000001092 /* Halo/Features/Performance/BatteryDetailSection.swift */ = {isa = PBXFileReference; lastKnownFileType = sourcecode.swift; path = Halo/Features/Performance/BatteryDetailSection.swift; sourceTree = "<group>"; };
		000000000000000000001094 /* Halo/Features/Performance/NetworkDetailSection.swift */ = {isa = PBXFileReference; lastKnownFileType = sourcecode.swift; path = Halo/Features/Performance/NetworkDetailSection.swift; sourceTree = "<group>"; };
		000000000000000000001096 /* Halo/Features/Performance/TopProcessesSection.swift */ = {isa = PBXFileReference; lastKnownFileType = sourcecode.swift; path = Halo/Features/Performance/TopProcessesSection.swift; sourceTree = "<group>"; };
		000000000000000000001098 /* Halo/Features/Dashboard/NetworkSparklineCard.swift */ = {isa = PBXFileReference; lastKnownFileType = sourcecode.swift; path = Halo/Features/Dashboard/NetworkSparklineCard.swift; sourceTree = "<group>"; };
		000000000000000000001100 /* Halo/Features/Cleanup/DiskHealthSection.swift */ = {isa = PBXFileReference; lastKnownFileType = sourcecode.swift; path = Halo/Features/Cleanup/DiskHealthSection.swift; sourceTree = "<group>"; };
		000000000000000000001102 /* Halo/Features/Dashboard/GPUDashboardCard.swift */ = {isa = PBXFileReference; lastKnownFileType = sourcecode.swift; path = Halo/Features/Dashboard/GPUDashboardCard.swift; sourceTree = "<group>"; };
		/* Actions module file refs */
		000000000000000000006001 /* Halo/Core/Actions/ActionModels.swift */ = {isa = PBXFileReference; lastKnownFileType = sourcecode.swift; path = Halo/Core/Actions/ActionModels.swift; sourceTree = "<group>"; };
		000000000000000000006003 /* Halo/Core/Actions/ActionLibrary.swift */ = {isa = PBXFileReference; lastKnownFileType = sourcecode.swift; path = Halo/Core/Actions/ActionLibrary.swift; sourceTree = "<group>"; };
		000000000000000000006005 /* Halo/Core/Actions/ActionRunner.swift */ = {isa = PBXFileReference; lastKnownFileType = sourcecode.swift; path = Halo/Core/Actions/ActionRunner.swift; sourceTree = "<group>"; };
		000000000000000000006007 /* Halo/Features/Actions/QuickActionPickerView.swift */ = {isa = PBXFileReference; lastKnownFileType = sourcecode.swift; path = Halo/Features/Actions/QuickActionPickerView.swift; sourceTree = "<group>"; };
		000000000000000000006009 /* Halo/Features/Actions/ActionsView.swift */ = {isa = PBXFileReference; lastKnownFileType = sourcecode.swift; path = Halo/Features/Actions/ActionsView.swift; sourceTree = "<group>"; };
		000000000000000000006011 /* Halo/Features/Actions/CustomActionEditor.swift */ = {isa = PBXFileReference; lastKnownFileType = sourcecode.swift; path = Halo/Features/Actions/CustomActionEditor.swift; sourceTree = "<group>"; };
		/* F-002 file refs */
		000000000000000000003000 /* HaloHelper.xpc */ = {isa = PBXFileReference; explicitFileType = "wrapper.xpc-service"; includeInIndex = 0; path = HaloHelper.xpc; sourceTree = BUILT_PRODUCTS_DIR; };
		/* Shared group already has path=Shared, so file paths are relative to Shared/ */
		000000000000000000003004 /* HaloHelperProtocol.swift */ = {isa = PBXFileReference; lastKnownFileType = sourcecode.swift; path = HaloHelperProtocol.swift; sourceTree = "<group>"; };
		000000000000000000003006 /* Halo/Core/HelperClient.swift */ = {isa = PBXFileReference; lastKnownFileType = sourcecode.swift; path = Halo/Core/HelperClient.swift; sourceTree = "<group>"; };
		/* HaloHelper group has path=HaloHelper, so file paths are relative to HaloHelper/ */
		000000000000000000003010 /* main.swift */ = {isa = PBXFileReference; lastKnownFileType = sourcecode.swift; path = main.swift; sourceTree = "<group>"; };
		000000000000000000003012 /* HaloHelperDelegate.swift */ = {isa = PBXFileReference; lastKnownFileType = sourcecode.swift; path = HaloHelperDelegate.swift; sourceTree = "<group>"; };
		000000000000000000003014 /* HaloHelperImpl.swift */ = {isa = PBXFileReference; lastKnownFileType = sourcecode.swift; path = HaloHelperImpl.swift; sourceTree = "<group>"; };
		000000000000000000003018 /* Info.plist (HaloHelper) */ = {isa = PBXFileReference; lastKnownFileType = text.plist.xml; path = Info.plist; sourceTree = "<group>"; };
		000000000000000000003019 /* HaloHelper.entitlements */ = {isa = PBXFileReference; lastKnownFileType = text.plist.entitlements; path = HaloHelper.entitlements; sourceTree = "<group>"; };
		000000000000000000002000 /* HaloWidget.appex */ = {isa = PBXFileReference; explicitFileType = "wrapper.app-extension"; includeInIndex = 0; path = HaloWidget.appex; sourceTree = BUILT_PRODUCTS_DIR; };
		000000000000000000002002 /* HaloWidgetBundle.swift */ = {isa = PBXFileReference; lastKnownFileType = sourcecode.swift; path = HaloWidgetBundle.swift; sourceTree = "<group>"; };
		000000000000000000002003 /* HaloWidget.swift */ = {isa = PBXFileReference; lastKnownFileType = sourcecode.swift; path = HaloWidget.swift; sourceTree = "<group>"; };
		000000000000000000002017 /* WidgetKit.framework */ = {isa = PBXFileReference; lastKnownFileType = wrapper.framework; name = WidgetKit.framework; path = System/Library/Frameworks/WidgetKit.framework; sourceTree = SDKROOT; };
		000000000000000000002020 /* HaloSharedData.swift */ = {isa = PBXFileReference; lastKnownFileType = sourcecode.swift; path = HaloSharedData.swift; sourceTree = "<group>"; };
/* End PBXFileReference section */

/* Begin PBXFrameworksBuildPhase section */
		000000000000000000001014 /* Frameworks */ = {
			isa = PBXFrameworksBuildPhase;
			buildActionMask = 2147483647;
			files = (
				000000000000000000001061 /* IOKit.framework in Frameworks */,
				000000000000000000001063 /* SystemConfiguration.framework in Frameworks */,
				000000000000000000002018 /* WidgetKit.framework in Frameworks */,
				000000000000000000005001 /* Sentry in Frameworks */,
			);
			runOnlyForDeploymentPostprocessing = 0;
		};
		000000000000000000002006 /* Frameworks */ = {
			isa = PBXFrameworksBuildPhase;
			buildActionMask = 2147483647;
			files = (
			);
			runOnlyForDeploymentPostprocessing = 0;
		};
/* End PBXFrameworksBuildPhase section */

/* Begin PBXGroup section */
		000000000000000000001000 = {
			isa = PBXGroup;
			children = (
				000000000000000000001001 /* Sources */,
				000000000000000000001064 /* Frameworks */,
				000000000000000000002001 /* HaloWidget */,
				000000000000000000002022 /* Shared */,
				000000000000000000003026 /* HaloHelper */,
				000000000000000000001003 /* Products */,
			);
			sourceTree = "<group>";
		};
		000000000000000000001001 /* Sources */ = {
			isa = PBXGroup;
			children = (
				000000000000000000001016 /* Halo/App/AppState.swift */,
				000000000000000000001018 /* Halo/App/ContentView.swift */,
				000000000000000000001020 /* Halo/App/HaloApp.swift */,
				000000000000000000001022 /* Halo/Core/Models/Models.swift */,
				000000000000000000001024 /* Halo/Core/Scanner/FileSystemScanner.swift */,
				000000000000000000001026 /* Halo/Core/Scanner/ScanCoordinator.swift */,
				000000000000000000001028 /* Halo/Core/Scanner/SystemMonitor.swift */,
				000000000000000000001050 /* Halo/Core/Scanner/DuplicateDetector.swift */,
				000000000000000000001070 /* Halo/Core/Scanner/ProtectionScanner.swift */,
				000000000000000000004003 /* Halo/Core/Scanner/SignatureDatabase.swift */,
				000000000000000000004007 /* Halo/Core/Scanner/LoginItemScanner.swift */,
				000000000000000000004009 /* Halo/Core/Scanner/AppScanner.swift */,
				000000000000000000001072 /* Halo/Core/AlertManager.swift */,
				000000000000000000004011 /* Halo/Core/AlertLog.swift */,
				000000000000000000004013 /* Halo/Core/ReportGenerator.swift */,
				000000000000000000004005 /* Halo/Core/ScanScheduler.swift */,
				000000000000000000003006 /* Halo/Core/HelperClient.swift */,
				000000000000000000001074 /* Halo/Core/Scanner/CPUDetailMonitor.swift */,
				000000000000000000001076 /* Halo/Core/Scanner/SMCReader.swift */,
				000000000000000000001078 /* Halo/Core/Scanner/GPUMonitor.swift */,
				000000000000000000001080 /* Halo/Core/Scanner/NetworkDetailMonitor.swift */,
				000000000000000000001082 /* Halo/Core/Scanner/SpeedTestService.swift */,
				000000000000000000001084 /* Halo/Core/Scanner/DiskHealthMonitor.swift */,
				000000000000000000001086 /* Halo/Core/Scanner/ProcessMonitor.swift */,
				000000000000000000001030 /* Halo/DesignSystem/DesignSystem.swift */,
				000000000000000000001032 /* Halo/Features/Applications/ApplicationsView.swift */,
				000000000000000000001034 /* Halo/Features/Cleanup/CleanupView.swift */,
				000000000000000000001100 /* Halo/Features/Cleanup/DiskHealthSection.swift */,
				000000000000000000001052 /* Halo/Features/Clipboard/ClipboardMonitor.swift */,
				000000000000000000001067 /* Halo/Features/Clipboard/ClipboardQuickPickerView.swift */,
				000000000000000000001036 /* Halo/Features/Clipboard/ClipboardView.swift */,
				000000000000000000001065 /* Halo/Core/HotkeyManager.swift */,
				000000000000000000001038 /* Halo/Features/Dashboard/DashboardView.swift */,
				000000000000000000001098 /* Halo/Features/Dashboard/NetworkSparklineCard.swift */,
				000000000000000000001102 /* Halo/Features/Dashboard/GPUDashboardCard.swift */,
				000000000000000000001040 /* Halo/Features/Files/FilesView.swift */,
				000000000000000000001042 /* Halo/Features/MenuBar/MenuBarView.swift */,
				000000000000000000001044 /* Halo/Features/Onboarding/OnboardingView.swift */,
				000000000000000000001046 /* Halo/Features/Performance/PerformanceView.swift */,
				000000000000000000001088 /* Halo/Features/Performance/CPUCoresSection.swift */,
				000000000000000000001090 /* Halo/Features/Performance/SensorsSection.swift */,
				000000000000000000001092 /* Halo/Features/Performance/BatteryDetailSection.swift */,
				000000000000000000001094 /* Halo/Features/Performance/NetworkDetailSection.swift */,
				000000000000000000001096 /* Halo/Features/Performance/TopProcessesSection.swift */,
				000000000000000000001048 /* Halo/Features/Protection/ProtectionView.swift */,
				000000000000000000001054 /* Halo/Features/SmartScan/SmartScanView.swift */,
				000000000000000000001056 /* Halo/Resources/Assets.xcassets */,
				000000000000000000001058 /* Halo/Resources/PrivacyInfo.xcprivacy */,
				000000000000000000004001 /* Halo/Resources/signatures.json */,
			);
			name = Sources;
			sourceTree = "<group>";
		};
		000000000000000000001003 /* Products */ = {
			isa = PBXGroup;
			children = (
				000000000000000000001015 /* Halo.app */,
				000000000000000000002000 /* HaloWidget.appex */,
				000000000000000000003000 /* HaloHelper.xpc */,
			);
			name = Products;
			sourceTree = "<group>";
		};
		/* F-002: HaloHelper directory group */
		000000000000000000003026 /* HaloHelper */ = {
			isa = PBXGroup;
			children = (
				000000000000000000003010 /* main.swift */,
				000000000000000000003012 /* HaloHelperDelegate.swift */,
				000000000000000000003014 /* HaloHelperImpl.swift */,
				000000000000000000003018 /* Info.plist (HaloHelper) */,
				000000000000000000003019 /* HaloHelper.entitlements */,
			);
			name = HaloHelper;
			path = HaloHelper;
			sourceTree = "<group>";
		};
		000000000000000000001064 /* Frameworks */ = {
			isa = PBXGroup;
			children = (
				000000000000000000001060 /* IOKit.framework */,
				000000000000000000001062 /* SystemConfiguration.framework */,
				000000000000000000002017 /* WidgetKit.framework */,
			);
			name = Frameworks;
			sourceTree = "<group>";
		};
		000000000000000000002001 /* HaloWidget */ = {
			isa = PBXGroup;
			children = (
				000000000000000000002002 /* HaloWidgetBundle.swift */,
				000000000000000000002003 /* HaloWidget.swift */,
			);
			path = HaloWidget;
			sourceTree = "<group>";
		};
		000000000000000000002022 /* Shared */ = {
			isa = PBXGroup;
			children = (
				000000000000000000002020 /* HaloSharedData.swift */,
				000000000000000000003004 /* HaloHelperProtocol.swift */,
			);
			path = Shared;
			sourceTree = "<group>";
		};
/* End PBXGroup section */

/* Begin PBXNativeTarget section */
		000000000000000000001004 /* Halo */ = {
			isa = PBXNativeTarget;
			buildConfigurationList = 000000000000000000001008 /* Build configuration list for PBXNativeTarget "Halo" */;
			buildPhases = (
				000000000000000000001014 /* Frameworks */,
				000000000000000000001012 /* Sources */,
				000000000000000000001013 /* Resources */,
				000000000000000000002015 /* Embed App Extensions */,
				000000000000000000003022 /* Embed XPC Services */,
			);
			buildRules = (
			);
			dependencies = (
				000000000000000000002014 /* PBXTargetDependency */,
				000000000000000000003024 /* PBXTargetDependency (HaloHelper) */,
			);
			name = Halo;
			packageProductDependencies = (
				000000000000000000005002 /* Sentry */,
			);
			productName = Halo;
			productReference = 000000000000000000001015 /* Halo.app */;
			productType = "com.apple.product-type.application";
		};
		/* F-002: HaloHelper XPC service target */
		000000000000000000003001 /* HaloHelper */ = {
			isa = PBXNativeTarget;
			buildConfigurationList = 000000000000000000003025 /* Build configuration list for PBXNativeTarget "HaloHelper" */;
			buildPhases = (
				000000000000000000003021 /* Frameworks (HaloHelper) */,
				000000000000000000003020 /* Sources (HaloHelper) */,
			);
			buildRules = (
			);
			dependencies = (
			);
			name = HaloHelper;
			productName = HaloHelper;
			productReference = 000000000000000000003000 /* HaloHelper.xpc */;
			productType = "com.apple.product-type.xpc-service";
		};
		000000000000000000002009 /* HaloWidget */ = {
			isa = PBXNativeTarget;
			buildConfigurationList = 000000000000000000002012 /* Build configuration list for PBXNativeTarget "HaloWidget" */;
			buildPhases = (
				000000000000000000002006 /* Frameworks */,
				000000000000000000002008 /* Sources */,
				000000000000000000002007 /* Resources */,
			);
			buildRules = (
			);
			dependencies = (
			);
			name = HaloWidget;
			productName = HaloWidget;
			productReference = 000000000000000000002000 /* HaloWidget.appex */;
			productType = "com.apple.product-type.app-extension";
		};
/* End PBXNativeTarget section */

/* Begin PBXProject section */
		000000000000000000001011 /* Project object */ = {
			isa = PBXProject;
			attributes = {
				BuildIndependentTargetsInParallel = 1;
				LastSwiftUpdateCheck = 1540;
				LastUpgradeCheck = 1540;
				TargetAttributes = {
					000000000000000000001004 = {
						CreatedOnToolsVersion = 15.4;
					};
					000000000000000000002009 = {
						CreatedOnToolsVersion = 15.4;
					};
					000000000000000000003001 = {
						CreatedOnToolsVersion = 15.4;
					};
				};
			};
			buildConfigurationList = 000000000000000000001005 /* Build configuration list for PBXProject "Halo" */;
			compatibilityVersion = "Xcode 14.0";
			developmentRegion = en;
			hasScannedForEncodings = 0;
			knownRegions = (
				en,
				Base,
			);
			mainGroup = 000000000000000000001000;
			packageReferences = (
				000000000000000000005003 /* XCRemoteSwiftPackageReference "sentry-cocoa" */,
			);
			productRefGroup = 000000000000000000001003 /* Products */;
			projectDirPath = "";
			projectRoot = "";
			targets = (
				000000000000000000001004 /* Halo */,
				000000000000000000002009 /* HaloWidget */,
				000000000000000000003001 /* HaloHelper */,
			);
		};
/* End PBXProject section */

/* Begin PBXResourcesBuildPhase section */
		000000000000000000001013 /* Resources */ = {
			isa = PBXResourcesBuildPhase;
			buildActionMask = 2147483647;
			files = (
				000000000000000000001057 /* Halo/Resources/Assets.xcassets in Resources */,
				000000000000000000001059 /* Halo/Resources/PrivacyInfo.xcprivacy in Resources */,
				000000000000000000004002 /* Halo/Resources/signatures.json in Resources */,
			);
			runOnlyForDeploymentPostprocessing = 0;
		};
		000000000000000000002007 /* Resources */ = {
			isa = PBXResourcesBuildPhase;
			buildActionMask = 2147483647;
			files = (
			);
			runOnlyForDeploymentPostprocessing = 0;
		};
/* End PBXResourcesBuildPhase section */

/* Begin PBXSourcesBuildPhase section */
		000000000000000000001012 /* Sources */ = {
			isa = PBXSourcesBuildPhase;
			buildActionMask = 2147483647;
			files = (
				000000000000000000007001 /* Halo/App/BuildToken.swift in Sources */,
				000000000000000000001017 /* Halo/App/AppState.swift in Sources */,
				000000000000000000001019 /* Halo/App/ContentView.swift in Sources */,
				000000000000000000001021 /* Halo/App/HaloApp.swift in Sources */,
				000000000000000000001023 /* Halo/Core/Models/Models.swift in Sources */,
				000000000000000000001025 /* Halo/Core/Scanner/FileSystemScanner.swift in Sources */,
				000000000000000000001027 /* Halo/Core/Scanner/ScanCoordinator.swift in Sources */,
				000000000000000000001029 /* Halo/Core/Scanner/SystemMonitor.swift in Sources */,
				000000000000000000001051 /* Halo/Core/Scanner/DuplicateDetector.swift in Sources */,
				000000000000000000001071 /* Halo/Core/Scanner/ProtectionScanner.swift in Sources */,
				000000000000000000004004 /* Halo/Core/Scanner/SignatureDatabase.swift in Sources */,
				000000000000000000004008 /* Halo/Core/Scanner/LoginItemScanner.swift in Sources */,
				000000000000000000004010 /* Halo/Core/Scanner/AppScanner.swift in Sources */,
				000000000000000000001073 /* Halo/Core/AlertManager.swift in Sources */,
				000000000000000000004012 /* Halo/Core/AlertLog.swift in Sources */,
				000000000000000000004014 /* Halo/Core/ReportGenerator.swift in Sources */,
				000000000000000000004006 /* Halo/Core/ScanScheduler.swift in Sources */,
				000000000000000000001075 /* Halo/Core/Scanner/CPUDetailMonitor.swift in Sources */,
				000000000000000000001077 /* Halo/Core/Scanner/SMCReader.swift in Sources */,
				000000000000000000001079 /* Halo/Core/Scanner/GPUMonitor.swift in Sources */,
				000000000000000000001081 /* Halo/Core/Scanner/NetworkDetailMonitor.swift in Sources */,
				000000000000000000001083 /* Halo/Core/Scanner/SpeedTestService.swift in Sources */,
				000000000000000000001085 /* Halo/Core/Scanner/DiskHealthMonitor.swift in Sources */,
				000000000000000000001087 /* Halo/Core/Scanner/ProcessMonitor.swift in Sources */,
				000000000000000000001031 /* Halo/DesignSystem/DesignSystem.swift in Sources */,
				000000000000000000001033 /* Halo/Features/Applications/ApplicationsView.swift in Sources */,
				000000000000000000001035 /* Halo/Features/Cleanup/CleanupView.swift in Sources */,
				000000000000000000001101 /* Halo/Features/Cleanup/DiskHealthSection.swift in Sources */,
				000000000000000000001053 /* Halo/Features/Clipboard/ClipboardMonitor.swift in Sources */,
				000000000000000000001068 /* Halo/Features/Clipboard/ClipboardQuickPickerView.swift in Sources */,
				000000000000000000001037 /* Halo/Features/Clipboard/ClipboardView.swift in Sources */,
				000000000000000000001066 /* Halo/Core/HotkeyManager.swift in Sources */,
				000000000000000000001039 /* Halo/Features/Dashboard/DashboardView.swift in Sources */,
				000000000000000000001099 /* Halo/Features/Dashboard/NetworkSparklineCard.swift in Sources */,
				000000000000000000001103 /* Halo/Features/Dashboard/GPUDashboardCard.swift in Sources */,
				000000000000000000006002 /* Halo/Core/Actions/ActionModels.swift in Sources */,
				000000000000000000006004 /* Halo/Core/Actions/ActionLibrary.swift in Sources */,
				000000000000000000006006 /* Halo/Core/Actions/ActionRunner.swift in Sources */,
				000000000000000000006008 /* Halo/Features/Actions/QuickActionPickerView.swift in Sources */,
				000000000000000000006010 /* Halo/Features/Actions/ActionsView.swift in Sources */,
				000000000000000000006012 /* Halo/Features/Actions/CustomActionEditor.swift in Sources */,
				000000000000000000001041 /* Halo/Features/Files/FilesView.swift in Sources */,
				000000000000000000001043 /* Halo/Features/MenuBar/MenuBarView.swift in Sources */,
				000000000000000000001045 /* Halo/Features/Onboarding/OnboardingView.swift in Sources */,
				000000000000000000001047 /* Halo/Features/Performance/PerformanceView.swift in Sources */,
				000000000000000000001089 /* Halo/Features/Performance/CPUCoresSection.swift in Sources */,
				000000000000000000001091 /* Halo/Features/Performance/SensorsSection.swift in Sources */,
				000000000000000000001093 /* Halo/Features/Performance/BatteryDetailSection.swift in Sources */,
				000000000000000000001095 /* Halo/Features/Performance/NetworkDetailSection.swift in Sources */,
				000000000000000000001097 /* Halo/Features/Performance/TopProcessesSection.swift in Sources */,
				000000000000000000001049 /* Halo/Features/Protection/ProtectionView.swift in Sources */,
				000000000000000000001055 /* Halo/Features/SmartScan/SmartScanView.swift in Sources */,
				000000000000000000002021 /* HaloSharedData.swift in Sources */,
				/* F-002 */
				000000000000000000003005 /* HaloHelperProtocol.swift in Sources (Halo) */,
				000000000000000000003007 /* HelperClient.swift in Sources */,
			);
			runOnlyForDeploymentPostprocessing = 0;
		};
		000000000000000000002008 /* Sources */ = {
			isa = PBXSourcesBuildPhase;
			buildActionMask = 2147483647;
			files = (
				000000000000000000002004 /* HaloWidgetBundle.swift in Sources */,
				000000000000000000002005 /* HaloWidget.swift in Sources */,
				000000000000000000002019 /* HaloSharedData.swift in Sources */,
			);
			runOnlyForDeploymentPostprocessing = 0;
		};
		/* F-002: HaloHelper XPC target Sources */
		000000000000000000003020 /* Sources (HaloHelper) */ = {
			isa = PBXSourcesBuildPhase;
			buildActionMask = 2147483647;
			files = (
				000000000000000000003009 /* HaloHelperProtocol.swift in Sources (Helper) */,
				000000000000000000003011 /* main.swift in Sources (Helper) */,
				000000000000000000003013 /* HaloHelperDelegate.swift in Sources */,
				000000000000000000003015 /* HaloHelperImpl.swift in Sources */,
			);
			runOnlyForDeploymentPostprocessing = 0;
		};
		000000000000000000003021 /* Frameworks (HaloHelper) */ = {
			isa = PBXFrameworksBuildPhase;
			buildActionMask = 2147483647;
			files = ();
			runOnlyForDeploymentPostprocessing = 0;
		};
/* End PBXSourcesBuildPhase section */

/* Begin PBXCopyFilesBuildPhase section */
		000000000000000000003022 /* Embed XPC Services */ = {
			isa = PBXCopyFilesBuildPhase;
			buildActionMask = 2147483647;
			dstPath = "";
			dstSubfolderSpec = 16;
			files = (
				000000000000000000003017 /* HaloHelper.xpc in XPC Services */,
			);
			name = "Embed XPC Services";
			runOnlyForDeploymentPostprocessing = 0;
		};
/* End PBXCopyFilesBuildPhase section */

/* Begin PBXContainerItemProxy section (F-002) */
		000000000000000000003023 /* PBXContainerItemProxy (HaloHelper) */ = {
			isa = PBXContainerItemProxy;
			containerPortal = 000000000000000000001011 /* Project object */;
			proxyType = 1;
			remoteGlobalIDString = 000000000000000000003001;
			remoteInfo = HaloHelper;
		};
/* End PBXContainerItemProxy section */

/* Begin PBXTargetDependency section */
		000000000000000000002014 /* PBXTargetDependency */ = {
			isa = PBXTargetDependency;
			target = 000000000000000000002009 /* HaloWidget */;
			targetProxy = 000000000000000000002013 /* PBXContainerItemProxy */;
		};
		000000000000000000003024 /* PBXTargetDependency (HaloHelper) */ = {
			isa = PBXTargetDependency;
			target = 000000000000000000003001 /* HaloHelper */;
			targetProxy = 000000000000000000003023 /* PBXContainerItemProxy (HaloHelper) */;
		};
/* End PBXTargetDependency section */

/* Begin XCBuildConfiguration section */
		000000000000000000001006 /* Debug */ = {
			isa = XCBuildConfiguration;
			buildSettings = {
				ALWAYS_SEARCH_USER_PATHS = NO;
				CLANG_ENABLE_MODULES = YES;
				COPY_PHASE_STRIP = NO;
				DEBUG_INFORMATION_FORMAT = dwarf;
				ENABLE_STRICT_OBJC_MSGSEND = YES;
				ENABLE_TESTABILITY = YES;
				GCC_DYNAMIC_NO_PIC = NO;
				GCC_OPTIMIZATION_LEVEL = 0;
				MACOSX_DEPLOYMENT_TARGET = 13.0;
				MTL_ENABLE_DEBUG_INFO = INCLUDE_SOURCE;
				MTL_FAST_MATH = YES;
				ONLY_ACTIVE_ARCH = YES;
				SDKROOT = macosx;
				SWIFT_ACTIVE_COMPILATION_CONDITIONS = DEBUG;
				SWIFT_OPTIMIZATION_LEVEL = "-Onone";
			};
			name = Debug;
		};
		000000000000000000001007 /* Release */ = {
			isa = XCBuildConfiguration;
			buildSettings = {
				ALWAYS_SEARCH_USER_PATHS = NO;
				CLANG_ENABLE_MODULES = YES;
				COPY_PHASE_STRIP = YES;
				DEBUG_INFORMATION_FORMAT = "dwarf-with-dsym";
				ENABLE_NS_ASSERTIONS = NO;
				ENABLE_STRICT_OBJC_MSGSEND = YES;
				MACOSX_DEPLOYMENT_TARGET = 13.0;
				MTL_FAST_MATH = YES;
				SDKROOT = macosx;
				SWIFT_OPTIMIZATION_LEVEL = "-Owholemodule";
				VALIDATE_PRODUCT = YES;
			};
			name = Release;
		};
		000000000000000000001009 /* Debug */ = {
			isa = XCBuildConfiguration;
			buildSettings = {
				ASSETCATALOG_COMPILER_APPICON_NAME = AppIcon;
				ASSET_CATALOG_COMPILER_OPTIMIZATION = space;
				CODE_SIGN_ENTITLEMENTS = "Halo/Halo-Debug.entitlements";
				CODE_SIGN_STYLE = Manual;
				COMBINE_HIDPI_IMAGES = YES;
				CURRENT_PROJECT_VERSION = 200;
				DEVELOPMENT_TEAM = "";
				GENERATE_INFOPLIST_FILE = NO;
				INFOPLIST_FILE = Halo/Resources/Info.plist;
				MACOSX_DEPLOYMENT_TARGET = 13.0;
				MARKETING_VERSION = 2.0;
				PRODUCT_BUNDLE_IDENTIFIER = com.halo.mac;
				PRODUCT_NAME = "$(TARGET_NAME)";
				PROVISIONING_PROFILE_SPECIFIER = "";
				SWIFT_EMIT_LOC_STRINGS = YES;
				SWIFT_VERSION = 5.9;
			};
			name = Debug;
		};
		000000000000000000001010 /* Release */ = {
			isa = XCBuildConfiguration;
			buildSettings = {
				ASSETCATALOG_COMPILER_APPICON_NAME = AppIcon;
				ASSET_CATALOG_COMPILER_OPTIMIZATION = space;
				CODE_SIGN_ENTITLEMENTS = Halo/Halo.entitlements;
				CODE_SIGN_STYLE = Manual;
				COMBINE_HIDPI_IMAGES = YES;
				CURRENT_PROJECT_VERSION = 200;
				DEVELOPMENT_TEAM = "";
				GENERATE_INFOPLIST_FILE = NO;
				INFOPLIST_FILE = Halo/Resources/Info.plist;
				MACOSX_DEPLOYMENT_TARGET = 13.0;
				MARKETING_VERSION = 2.0;
				PRODUCT_BUNDLE_IDENTIFIER = com.halo.mac;
				PRODUCT_NAME = "$(TARGET_NAME)";
				PROVISIONING_PROFILE_SPECIFIER = "";
				SWIFT_EMIT_LOC_STRINGS = YES;
				SWIFT_VERSION = 5.9;
			};
			name = Release;
		};
		000000000000000000002010 /* Debug */ = {
			isa = XCBuildConfiguration;
			buildSettings = {
				CODE_SIGN_ENTITLEMENTS = HaloWidget/HaloWidget.entitlements;
				CODE_SIGN_STYLE = Automatic;
				CURRENT_PROJECT_VERSION = 200;
				GENERATE_INFOPLIST_FILE = NO;
				INFOPLIST_FILE = HaloWidget/Info.plist;
				MACOSX_DEPLOYMENT_TARGET = 13.0;
				MARKETING_VERSION = 2.0;
				PRODUCT_BUNDLE_IDENTIFIER = com.halo.mac.widget;
				PRODUCT_NAME = HaloWidget;
				SKIP_INSTALL = YES;
				SWIFT_VERSION = 5.9;
			};
			name = Debug;
		};
		000000000000000000002011 /* Release */ = {
			isa = XCBuildConfiguration;
			buildSettings = {
				CODE_SIGN_ENTITLEMENTS = HaloWidget/HaloWidget.entitlements;
				CODE_SIGN_STYLE = Automatic;
				CURRENT_PROJECT_VERSION = 200;
				GENERATE_INFOPLIST_FILE = NO;
				INFOPLIST_FILE = HaloWidget/Info.plist;
				MACOSX_DEPLOYMENT_TARGET = 13.0;
				MARKETING_VERSION = 2.0;
				PRODUCT_BUNDLE_IDENTIFIER = com.halo.mac.widget;
				PRODUCT_NAME = HaloWidget;
				SKIP_INSTALL = YES;
				SWIFT_VERSION = 5.9;
			};
			name = Release;
		};
		/* F-002: HaloHelper build configs */
		000000000000000000003027 /* Debug (HaloHelper) */ = {
			isa = XCBuildConfiguration;
			buildSettings = {
				CODE_SIGN_ENTITLEMENTS = HaloHelper/HaloHelper.entitlements;
				CODE_SIGN_STYLE = Manual;
				CURRENT_PROJECT_VERSION = 200;
				GENERATE_INFOPLIST_FILE = NO;
				INFOPLIST_FILE = HaloHelper/Info.plist;
				MACOSX_DEPLOYMENT_TARGET = 13.0;
				MARKETING_VERSION = 2.0;
				PRODUCT_BUNDLE_IDENTIFIER = com.halo.mac.helper;
				PRODUCT_NAME = HaloHelper;
				SKIP_INSTALL = YES;
				SWIFT_VERSION = 5.9;
			};
			name = Debug;
		};
		000000000000000000003028 /* Release (HaloHelper) */ = {
			isa = XCBuildConfiguration;
			buildSettings = {
				CODE_SIGN_ENTITLEMENTS = HaloHelper/HaloHelper.entitlements;
				CODE_SIGN_STYLE = Manual;
				CURRENT_PROJECT_VERSION = 200;
				GENERATE_INFOPLIST_FILE = NO;
				INFOPLIST_FILE = HaloHelper/Info.plist;
				MACOSX_DEPLOYMENT_TARGET = 13.0;
				MARKETING_VERSION = 2.0;
				PRODUCT_BUNDLE_IDENTIFIER = com.halo.mac.helper;
				PRODUCT_NAME = HaloHelper;
				SKIP_INSTALL = YES;
				SWIFT_VERSION = 5.9;
			};
			name = Release;
		};
/* End XCBuildConfiguration section */

/* Begin XCConfigurationList section */
		000000000000000000001005 /* Build configuration list for PBXProject "Halo" */ = {
			isa = XCConfigurationList;
			buildConfigurations = (
				000000000000000000001006 /* Debug */,
				000000000000000000001007 /* Release */,
			);
			defaultConfigurationIsVisible = 0;
			defaultConfigurationName = Release;
		};
		000000000000000000001008 /* Build configuration list for PBXNativeTarget "Halo" */ = {
			isa = XCConfigurationList;
			buildConfigurations = (
				000000000000000000001009 /* Debug */,
				000000000000000000001010 /* Release */,
			);
			defaultConfigurationIsVisible = 0;
			defaultConfigurationName = Release;
		};
		000000000000000000002012 /* Build configuration list for PBXNativeTarget "HaloWidget" */ = {
			isa = XCConfigurationList;
			buildConfigurations = (
				000000000000000000002010 /* Debug */,
				000000000000000000002011 /* Release */,
			);
			defaultConfigurationIsVisible = 0;
			defaultConfigurationName = Release;
		};
		000000000000000000003025 /* Build configuration list for PBXNativeTarget "HaloHelper" */ = {
			isa = XCConfigurationList;
			buildConfigurations = (
				000000000000000000003027 /* Debug (HaloHelper) */,
				000000000000000000003028 /* Release (HaloHelper) */,
			);
			defaultConfigurationIsVisible = 0;
			defaultConfigurationName = Release;
		};
/* End XCConfigurationList section */

/* Begin XCRemoteSwiftPackageReference section */
		000000000000000000005003 /* XCRemoteSwiftPackageReference "sentry-cocoa" */ = {
			isa = XCRemoteSwiftPackageReference;
			repositoryURL = "https://github.com/getsentry/sentry-cocoa";
			requirement = {
				kind = upToNextMajorVersion;
				minimumVersion = "8.0.0";
			};
		};
/* End XCRemoteSwiftPackageReference section */

/* Begin XCSwiftPackageProductDependency section */
		000000000000000000005002 /* Sentry */ = {
			isa = XCSwiftPackageProductDependency;
			package = 000000000000000000005003 /* XCRemoteSwiftPackageReference "sentry-cocoa" */;
			productName = Sentry;
		};
/* End XCSwiftPackageProductDependency section */
	};
	rootObject = 000000000000000000001011 /* Project object */;
}
